// !$*UTF8*$!
{
	archiveVersion = 1;
	classes = {
	};
	objectVersion = 56;
	objects = {

/* Begin PBXBuildFile section */
		21009AE929EE6C56009CAF42 /* ErrorView.swift in Sources */ = {isa = PBXBuildFile; fileRef = 21009AE829EE6C56009CAF42 /* ErrorView.swift */; };
		21009AEB29EE6D8D009CAF42 /* ErrorWrapper.swift in Sources */ = {isa = PBXBuildFile; fileRef = 21009AEA29EE6D8D009CAF42 /* ErrorWrapper.swift */; };
		2105DC5229628DFD008F940B /* TODO.md in Resources */ = {isa = PBXBuildFile; fileRef = 2105DC5129628DFD008F940B /* TODO.md */; };
		2105DC542962CF33008F940B /* TagsEditView.swift in Sources */ = {isa = PBXBuildFile; fileRef = 2105DC532962CF33008F940B /* TagsEditView.swift */; };
		210650E0297BD46C00E5BCD7 /* TextStyles.swift in Sources */ = {isa = PBXBuildFile; fileRef = 210650DF297BD46C00E5BCD7 /* TextStyles.swift */; };
		210650E2297BD6CF00E5BCD7 /* CommentView.swift in Sources */ = {isa = PBXBuildFile; fileRef = 210650E1297BD6CF00E5BCD7 /* CommentView.swift */; };
		211104AB297239DB00FB8CD1 /* EditTagView.swift in Sources */ = {isa = PBXBuildFile; fileRef = 211104AA297239DB00FB8CD1 /* EditTagView.swift */; };
		211246C529B9B82900D0EB01 /* AudioPlayer.swift in Sources */ = {isa = PBXBuildFile; fileRef = 211246C429B9B82900D0EB01 /* AudioPlayer.swift */; };
		211246C729B9B84500D0EB01 /* AudioRecorder.swift in Sources */ = {isa = PBXBuildFile; fileRef = 211246C629B9B84500D0EB01 /* AudioRecorder.swift */; };
		211246C929B9B89A00D0EB01 /* AttachmentTransferable.swift in Sources */ = {isa = PBXBuildFile; fileRef = 211246C829B9B89A00D0EB01 /* AttachmentTransferable.swift */; };
		211246CB29B9B8EF00D0EB01 /* AttachmentType.swift in Sources */ = {isa = PBXBuildFile; fileRef = 211246CA29B9B8EF00D0EB01 /* AttachmentType.swift */; };
		2127AD62295FB421005893DE /* EditIssueView.swift in Sources */ = {isa = PBXBuildFile; fileRef = 2127AD61295FB421005893DE /* EditIssueView.swift */; };
		2127AD66295FBD0E005893DE /* ProminentTagView.swift in Sources */ = {isa = PBXBuildFile; fileRef = 2127AD65295FBD0E005893DE /* ProminentTagView.swift */; };
		2132CB6C29C56785003D5C12 /* AudioAttachmentPreview.swift in Sources */ = {isa = PBXBuildFile; fileRef = 2132CB6B29C56785003D5C12 /* AudioAttachmentPreview.swift */; };
		2132CB7429C5CF9A003D5C12 /* ImageAttachmentView.swift in Sources */ = {isa = PBXBuildFile; fileRef = 2132CB7329C5CF9A003D5C12 /* ImageAttachmentView.swift */; };
		2132CB7629C5D0FC003D5C12 /* AudioAttachmentView.swift in Sources */ = {isa = PBXBuildFile; fileRef = 2132CB7529C5D0FC003D5C12 /* AudioAttachmentView.swift */; };
		213E7A3B29AEF91F00CD3BEF /* AddCommentBox.swift in Sources */ = {isa = PBXBuildFile; fileRef = 213E7A3A29AEF91F00CD3BEF /* AddCommentBox.swift */; };
		213EDD992980DA7C00012198 /* IssueTrackerSettings.swift in Sources */ = {isa = PBXBuildFile; fileRef = 213EDD982980DA7C00012198 /* IssueTrackerSettings.swift */; };
		213EDD9B29814C9A00012198 /* TagTableColumn.swift in Sources */ = {isa = PBXBuildFile; fileRef = 213EDD9A29814C9A00012198 /* TagTableColumn.swift */; };
		2141D3C229E6B5A000113CA0 /* IssueProperties.swift in Sources */ = {isa = PBXBuildFile; fileRef = 2141D3C129E6B5A000113CA0 /* IssueProperties.swift */; };
		2150C83E295972E0006CD7D2 /* IssueTrackerApp.swift in Sources */ = {isa = PBXBuildFile; fileRef = 2150C83D295972E0006CD7D2 /* IssueTrackerApp.swift */; };
		2150C840295972E0006CD7D2 /* ContentView.swift in Sources */ = {isa = PBXBuildFile; fileRef = 2150C83F295972E0006CD7D2 /* ContentView.swift */; };
		2150C842295972E2006CD7D2 /* Assets.xcassets in Resources */ = {isa = PBXBuildFile; fileRef = 2150C841295972E2006CD7D2 /* Assets.xcassets */; };
		2150C845295972E2006CD7D2 /* Preview Assets.xcassets in Resources */ = {isa = PBXBuildFile; fileRef = 2150C844295972E2006CD7D2 /* Preview Assets.xcassets */; };
		2150C847295972E2006CD7D2 /* Persistence.swift in Sources */ = {isa = PBXBuildFile; fileRef = 2150C846295972E2006CD7D2 /* Persistence.swift */; };
		2150C84A295972E2006CD7D2 /* IssueTracker.xcdatamodeld in Sources */ = {isa = PBXBuildFile; fileRef = 2150C848295972E2006CD7D2 /* IssueTracker.xcdatamodeld */; };
		2150C85E295972E2006CD7D2 /* IssueTrackerUITests.swift in Sources */ = {isa = PBXBuildFile; fileRef = 2150C85D295972E2006CD7D2 /* IssueTrackerUITests.swift */; };
		2150C860295972E2006CD7D2 /* IssueTrackerUITestsLaunchTests.swift in Sources */ = {isa = PBXBuildFile; fileRef = 2150C85F295972E2006CD7D2 /* IssueTrackerUITestsLaunchTests.swift */; };
		2154B59D297F85910040FE69 /* IssueRow.swift in Sources */ = {isa = PBXBuildFile; fileRef = 2154B59C297F85910040FE69 /* IssueRow.swift */; };
		2154B59F297F88340040FE69 /* View+secondaryFootnote.swift in Sources */ = {isa = PBXBuildFile; fileRef = 2154B59E297F88340040FE69 /* View+secondaryFootnote.swift */; };
		21562B9F29F3E4D6006AB379 /* CommentProperties.swift in Sources */ = {isa = PBXBuildFile; fileRef = 21562B9E29F3E4D6006AB379 /* CommentProperties.swift */; };
		21562BA129F42951006AB379 /* SortState.swift in Sources */ = {isa = PBXBuildFile; fileRef = 21562BA029F42951006AB379 /* SortState.swift */; };
		21562BA329F4297F006AB379 /* SearchState.swift in Sources */ = {isa = PBXBuildFile; fileRef = 21562BA229F4297E006AB379 /* SearchState.swift */; };
		2159F00C29CABC5C00E01576 /* WrappingHStack.swift in Sources */ = {isa = PBXBuildFile; fileRef = 2159F00B29CABC5C00E01576 /* WrappingHStack.swift */; };
		21654BC629605245009C434B /* AddIssueView.swift in Sources */ = {isa = PBXBuildFile; fileRef = 21654BC529605245009C434B /* AddIssueView.swift */; };
		2168A62D29CC373D004CF64B /* Issue+Example.swift in Sources */ = {isa = PBXBuildFile; fileRef = 2168A62C29CC373D004CF64B /* Issue+Example.swift */; };
		2168A62F29CC72F0004CF64B /* Project+Example.swift in Sources */ = {isa = PBXBuildFile; fileRef = 2168A62E29CC72F0004CF64B /* Project+Example.swift */; };
		2168A63129CC75B7004CF64B /* Comment+Example.swift in Sources */ = {isa = PBXBuildFile; fileRef = 2168A63029CC75B7004CF64B /* Comment+Example.swift */; };
		2168A63329CC763B004CF64B /* Tag+Example.swift in Sources */ = {isa = PBXBuildFile; fileRef = 2168A63229CC763B004CF64B /* Tag+Example.swift */; };
		216A276A29F3815C00C3B9C4 /* ProjectProperties.swift in Sources */ = {isa = PBXBuildFile; fileRef = 216A276929F3815C00C3B9C4 /* ProjectProperties.swift */; };
		21734A8D29764D8400EB3942 /* AddProjectView.swift in Sources */ = {isa = PBXBuildFile; fileRef = 21734A8C29764D8400EB3942 /* AddProjectView.swift */; };
		21734A8F29764E4E00EB3942 /* ProjectListView.swift in Sources */ = {isa = PBXBuildFile; fileRef = 21734A8E29764E4E00EB3942 /* ProjectListView.swift */; };
		21734A9129764F0700EB3942 /* AddIssueView.swift in Sources */ = {isa = PBXBuildFile; fileRef = 21734A9029764F0700EB3942 /* AddIssueView.swift */; };
		21734A9329764F9600EB3942 /* IssueDetail.swift in Sources */ = {isa = PBXBuildFile; fileRef = 21734A9229764F9600EB3942 /* IssueDetail.swift */; };
		21734A9529764FFB00EB3942 /* IssuesListView.swift in Sources */ = {isa = PBXBuildFile; fileRef = 21734A9429764FFB00EB3942 /* IssuesListView.swift */; };
		2179A40329EBCA2700D69C82 /* SheetWithIndicator.swift in Sources */ = {isa = PBXBuildFile; fileRef = 2179A40229EBCA2700D69C82 /* SheetWithIndicator.swift */; };
		2179A40629EBEA3D00D69C82 /* IssueSummary.swift in Sources */ = {isa = PBXBuildFile; fileRef = 2179A40529EBEA3D00D69C82 /* IssueSummary.swift */; };
		217D506D29FD08340064FE8A /* ImageAttachmentsRow.swift in Sources */ = {isa = PBXBuildFile; fileRef = 217D506C29FD08340064FE8A /* ImageAttachmentsRow.swift */; };
		218A50BD2975088000DF29F5 /* ContentView.swift in Sources */ = {isa = PBXBuildFile; fileRef = 218A50BC2975088000DF29F5 /* ContentView.swift */; };
		218A50BF2975088200DF29F5 /* Assets.xcassets in Resources */ = {isa = PBXBuildFile; fileRef = 218A50BE2975088200DF29F5 /* Assets.xcassets */; };
		218A50C22975088200DF29F5 /* Preview Assets.xcassets in Resources */ = {isa = PBXBuildFile; fileRef = 218A50C12975088200DF29F5 /* Preview Assets.xcassets */; };
		218A50CD2975088200DF29F5 /* MacIssueTrackerTests.swift in Sources */ = {isa = PBXBuildFile; fileRef = 218A50CC2975088200DF29F5 /* MacIssueTrackerTests.swift */; };
		218A50D72975088300DF29F5 /* MacIssueTrackerUITests.swift in Sources */ = {isa = PBXBuildFile; fileRef = 218A50D62975088300DF29F5 /* MacIssueTrackerUITests.swift */; };
		218A50D92975088300DF29F5 /* MacIssueTrackerUITestsLaunchTests.swift in Sources */ = {isa = PBXBuildFile; fileRef = 218A50D82975088300DF29F5 /* MacIssueTrackerUITestsLaunchTests.swift */; };
		218A50F1297508B900DF29F5 /* String+filterWhitespace.swift in Sources */ = {isa = PBXBuildFile; fileRef = 21F1DA28295D9C0E00076D73 /* String+filterWhitespace.swift */; };
		218A50F2297508B900DF29F5 /* Assets.xcassets in Resources */ = {isa = PBXBuildFile; fileRef = 2150C841295972E2006CD7D2 /* Assets.xcassets */; };
		218A50FC297508B900DF29F5 /* Issue+Extensions.swift in Sources */ = {isa = PBXBuildFile; fileRef = 21F1DA34295DB04E00076D73 /* Issue+Extensions.swift */; };
		218A50FE297508B900DF29F5 /* Project+Extensions.swift in Sources */ = {isa = PBXBuildFile; fileRef = 21FDE717295D64F10006C24A /* Project+Extensions.swift */; };
		218A50FF297508B900DF29F5 /* Tag+Extensions.swift in Sources */ = {isa = PBXBuildFile; fileRef = 21BBEBF2295E8465008F237B /* Tag+Extensions.swift */; };
		218A5102297508B900DF29F5 /* Color+Extensions.swift in Sources */ = {isa = PBXBuildFile; fileRef = 21E6D2AA295BD9B500BB4AA6 /* Color+Extensions.swift */; };
		218A5103297508B900DF29F5 /* Persistence.swift in Sources */ = {isa = PBXBuildFile; fileRef = 2150C846295972E2006CD7D2 /* Persistence.swift */; };
		218A5106297508B900DF29F5 /* SF-Pro-Text-Light.otf in Resources */ = {isa = PBXBuildFile; fileRef = 21E6D2AE295BEA6800BB4AA6 /* SF-Pro-Text-Light.otf */; };
		218A5108297508B900DF29F5 /* Comment+Extensions.swift in Sources */ = {isa = PBXBuildFile; fileRef = 21BBEBFA295ECF8B008F237B /* Comment+Extensions.swift */; };
		218A5109297508B900DF29F5 /* IssueTrackerApp.swift in Sources */ = {isa = PBXBuildFile; fileRef = 2150C83D295972E0006CD7D2 /* IssueTrackerApp.swift */; };
		218A510A297508BD00DF29F5 /* IssueTracker.xcdatamodeld in Sources */ = {isa = PBXBuildFile; fileRef = 2150C848295972E2006CD7D2 /* IssueTracker.xcdatamodeld */; };
		218E60C629822A7800A9C4AB /* IssueTrackerSettingsViewModel.swift in Sources */ = {isa = PBXBuildFile; fileRef = 218E60C529822A7800A9C4AB /* IssueTrackerSettingsViewModel.swift */; };
		218E60C8298245BA00A9C4AB /* FilterIssuesList.swift in Sources */ = {isa = PBXBuildFile; fileRef = 218E60C7298245BA00A9C4AB /* FilterIssuesList.swift */; };
		218F93D729C8044500F9D62A /* ImageDetailView.swift in Sources */ = {isa = PBXBuildFile; fileRef = 218F93D629C8044500F9D62A /* ImageDetailView.swift */; };
		218FD5EC29E65BD50029E1E6 /* PersistenceError.swift in Sources */ = {isa = PBXBuildFile; fileRef = 218FD5EB29E65BD50029E1E6 /* PersistenceError.swift */; };
		21AFDF2429777A3C00847889 /* Color+rgbComponents.swift in Sources */ = {isa = PBXBuildFile; fileRef = 21AFDF2329777A3C00847889 /* Color+rgbComponents.swift */; };
		21AFDF2729777BD000847889 /* TagSearchView.swift in Sources */ = {isa = PBXBuildFile; fileRef = 21AFDF2629777BD000847889 /* TagSearchView.swift */; };
		21AFDF2A29777F7F00847889 /* TagFilterView.swift in Sources */ = {isa = PBXBuildFile; fileRef = 21AFDF2929777F7F00847889 /* TagFilterView.swift */; };
		21AFDF2D2977CB5100847889 /* SFSymbol.swift in Sources */ = {isa = PBXBuildFile; fileRef = 21AFDF2C2977CB5100847889 /* SFSymbol.swift */; };
		21BBEBF1295E8176008F237B /* TagSelectionView.swift in Sources */ = {isa = PBXBuildFile; fileRef = 21BBEBF0295E8176008F237B /* TagSelectionView.swift */; };
		21BBEBF3295E8465008F237B /* Tag+Extensions.swift in Sources */ = {isa = PBXBuildFile; fileRef = 21BBEBF2295E8465008F237B /* Tag+Extensions.swift */; };
		21BBEBF5295E9A5E008F237B /* IssueRowView.swift in Sources */ = {isa = PBXBuildFile; fileRef = 21BBEBF4295E9A5E008F237B /* IssueRowView.swift */; };
		21BBEBF7295EC963008F237B /* IssueDetail.swift in Sources */ = {isa = PBXBuildFile; fileRef = 21BBEBF6295EC963008F237B /* IssueDetail.swift */; };
		21BBEBFB295ECF8B008F237B /* Comment+Extensions.swift in Sources */ = {isa = PBXBuildFile; fileRef = 21BBEBFA295ECF8B008F237B /* Comment+Extensions.swift */; };
		21BBEBFD295EDBE8008F237B /* CommentBoxView.swift in Sources */ = {isa = PBXBuildFile; fileRef = 21BBEBFC295EDBE8008F237B /* CommentBoxView.swift */; };
		21BBEBFF295EE1E9008F237B /* TagView.swift in Sources */ = {isa = PBXBuildFile; fileRef = 21BBEBFE295EE1E9008F237B /* TagView.swift */; };
		21C0A5C629F7BC8B00166499 /* SFSymbol.swift in Sources */ = {isa = PBXBuildFile; fileRef = 21C0A5C529F7BC8B00166499 /* SFSymbol.swift */; };
		21CB0C8229CD48EA006BF4FF /* bulbasaur.png in Resources */ = {isa = PBXBuildFile; fileRef = 21CB0C8129CD48EA006BF4FF /* bulbasaur.png */; };
		21CB0C8429CD4902006BF4FF /* URL+previewImage.swift in Sources */ = {isa = PBXBuildFile; fileRef = 21CB0C8329CD4902006BF4FF /* URL+previewImage.swift */; };
		21CEAAC2297D4EC500A7A344 /* EditIssueView.swift in Sources */ = {isa = PBXBuildFile; fileRef = 21CEAAC1297D4EC500A7A344 /* EditIssueView.swift */; };
		21D031F229F1098C00F20E1B /* MandatoryFormField.swift in Sources */ = {isa = PBXBuildFile; fileRef = 21D031F129F1098C00F20E1B /* MandatoryFormField.swift */; };
		21D031F429F109A300F20E1B /* TextFieldValidation.swift in Sources */ = {isa = PBXBuildFile; fileRef = 21D031F329F109A300F20E1B /* TextFieldValidation.swift */; };
		21E12CDD29E94E1400EE8255 /* CloudKitManager.swift in Sources */ = {isa = PBXBuildFile; fileRef = 21E12CDC29E94E1400EE8255 /* CloudKitManager.swift */; };
		21E6D2A7295BD4C500BB4AA6 /* TextStyles.swift in Sources */ = {isa = PBXBuildFile; fileRef = 21E6D2A6295BD4C500BB4AA6 /* TextStyles.swift */; };
		21E6D2AB295BD9B500BB4AA6 /* Color+Extensions.swift in Sources */ = {isa = PBXBuildFile; fileRef = 21E6D2AA295BD9B500BB4AA6 /* Color+Extensions.swift */; };
		21E6D2AD295BDFBF00BB4AA6 /* ButtonStyles.swift in Sources */ = {isa = PBXBuildFile; fileRef = 21E6D2AC295BDFBF00BB4AA6 /* ButtonStyles.swift */; };
		21E6D2AF295BEA6800BB4AA6 /* SF-Pro-Text-Light.otf in Resources */ = {isa = PBXBuildFile; fileRef = 21E6D2AE295BEA6800BB4AA6 /* SF-Pro-Text-Light.otf */; };
		21E6D2B3295BF94800BB4AA6 /* HomeView.swift in Sources */ = {isa = PBXBuildFile; fileRef = 21E6D2B2295BF94800BB4AA6 /* HomeView.swift */; };
		21E6D2BD295C4B8400BB4AA6 /* CustomTextField.swift in Sources */ = {isa = PBXBuildFile; fileRef = 21E6D2BC295C4B8400BB4AA6 /* CustomTextField.swift */; };
		21E6D2BF295C4DD900BB4AA6 /* AddProjectView.swift in Sources */ = {isa = PBXBuildFile; fileRef = 21E6D2BE295C4DD900BB4AA6 /* AddProjectView.swift */; };
		21E6D2C1295C5B4900BB4AA6 /* ProjectRowView.swift in Sources */ = {isa = PBXBuildFile; fileRef = 21E6D2C0295C5B4900BB4AA6 /* ProjectRowView.swift */; };
		21F1DA29295D9C0E00076D73 /* String+filterWhitespace.swift in Sources */ = {isa = PBXBuildFile; fileRef = 21F1DA28295D9C0E00076D73 /* String+filterWhitespace.swift */; };
		21F1DA33295DABB700076D73 /* IssuesListView.swift in Sources */ = {isa = PBXBuildFile; fileRef = 21F1DA32295DABB700076D73 /* IssuesListView.swift */; };
		21F1DA35295DB04E00076D73 /* Issue+Extensions.swift in Sources */ = {isa = PBXBuildFile; fileRef = 21F1DA34295DB04E00076D73 /* Issue+Extensions.swift */; };
		21F1DA3D295DBD6500076D73 /* LabeledInputField.swift in Sources */ = {isa = PBXBuildFile; fileRef = 21F1DA3C295DBD6500076D73 /* LabeledInputField.swift */; };
		21FDE718295D64F10006C24A /* Project+Extensions.swift in Sources */ = {isa = PBXBuildFile; fileRef = 21FDE717295D64F10006C24A /* Project+Extensions.swift */; };
		21FDE757295D80D30006C24A /* EditProjectView.swift in Sources */ = {isa = PBXBuildFile; fileRef = 21FDE756295D80D30006C24A /* EditProjectView.swift */; };
/* End PBXBuildFile section */

/* Begin PBXContainerItemProxy section */
		2150C850295972E2006CD7D2 /* PBXContainerItemProxy */ = {
			isa = PBXContainerItemProxy;
			containerPortal = 2150C832295972E0006CD7D2 /* Project object */;
			proxyType = 1;
			remoteGlobalIDString = 2150C839295972E0006CD7D2;
			remoteInfo = IssueTracker;
		};
		2150C85A295972E2006CD7D2 /* PBXContainerItemProxy */ = {
			isa = PBXContainerItemProxy;
			containerPortal = 2150C832295972E0006CD7D2 /* Project object */;
			proxyType = 1;
			remoteGlobalIDString = 2150C839295972E0006CD7D2;
			remoteInfo = IssueTracker;
		};
		218A50C92975088200DF29F5 /* PBXContainerItemProxy */ = {
			isa = PBXContainerItemProxy;
			containerPortal = 2150C832295972E0006CD7D2 /* Project object */;
			proxyType = 1;
			remoteGlobalIDString = 218A50B72975087F00DF29F5;
			remoteInfo = MacIssueTracker;
		};
		218A50D32975088300DF29F5 /* PBXContainerItemProxy */ = {
			isa = PBXContainerItemProxy;
			containerPortal = 2150C832295972E0006CD7D2 /* Project object */;
			proxyType = 1;
			remoteGlobalIDString = 218A50B72975087F00DF29F5;
			remoteInfo = MacIssueTracker;
		};
/* End PBXContainerItemProxy section */

/* Begin PBXFileReference section */
		21009AE829EE6C56009CAF42 /* ErrorView.swift */ = {isa = PBXFileReference; lastKnownFileType = sourcecode.swift; path = ErrorView.swift; sourceTree = "<group>"; };
		21009AEA29EE6D8D009CAF42 /* ErrorWrapper.swift */ = {isa = PBXFileReference; lastKnownFileType = sourcecode.swift; path = ErrorWrapper.swift; sourceTree = "<group>"; };
		2105DC5129628DFD008F940B /* TODO.md */ = {isa = PBXFileReference; lastKnownFileType = net.daringfireball.markdown; path = TODO.md; sourceTree = "<group>"; };
		2105DC532962CF33008F940B /* TagsEditView.swift */ = {isa = PBXFileReference; lastKnownFileType = sourcecode.swift; path = TagsEditView.swift; sourceTree = "<group>"; };
		210650DF297BD46C00E5BCD7 /* TextStyles.swift */ = {isa = PBXFileReference; lastKnownFileType = sourcecode.swift; path = TextStyles.swift; sourceTree = "<group>"; };
		210650E1297BD6CF00E5BCD7 /* CommentView.swift */ = {isa = PBXFileReference; lastKnownFileType = sourcecode.swift; path = CommentView.swift; sourceTree = "<group>"; };
		211104AA297239DB00FB8CD1 /* EditTagView.swift */ = {isa = PBXFileReference; lastKnownFileType = sourcecode.swift; path = EditTagView.swift; sourceTree = "<group>"; };
		211246C429B9B82900D0EB01 /* AudioPlayer.swift */ = {isa = PBXFileReference; lastKnownFileType = sourcecode.swift; path = AudioPlayer.swift; sourceTree = "<group>"; };
		211246C629B9B84500D0EB01 /* AudioRecorder.swift */ = {isa = PBXFileReference; lastKnownFileType = sourcecode.swift; path = AudioRecorder.swift; sourceTree = "<group>"; };
		211246C829B9B89A00D0EB01 /* AttachmentTransferable.swift */ = {isa = PBXFileReference; lastKnownFileType = sourcecode.swift; path = AttachmentTransferable.swift; sourceTree = "<group>"; };
		211246CA29B9B8EF00D0EB01 /* AttachmentType.swift */ = {isa = PBXFileReference; lastKnownFileType = sourcecode.swift; path = AttachmentType.swift; sourceTree = "<group>"; };
		2127AD61295FB421005893DE /* EditIssueView.swift */ = {isa = PBXFileReference; lastKnownFileType = sourcecode.swift; path = EditIssueView.swift; sourceTree = "<group>"; };
		2127AD65295FBD0E005893DE /* ProminentTagView.swift */ = {isa = PBXFileReference; lastKnownFileType = sourcecode.swift; path = ProminentTagView.swift; sourceTree = "<group>"; };
		2132CB6B29C56785003D5C12 /* AudioAttachmentPreview.swift */ = {isa = PBXFileReference; lastKnownFileType = sourcecode.swift; path = AudioAttachmentPreview.swift; sourceTree = "<group>"; };
		2132CB7329C5CF9A003D5C12 /* ImageAttachmentView.swift */ = {isa = PBXFileReference; lastKnownFileType = sourcecode.swift; path = ImageAttachmentView.swift; sourceTree = "<group>"; };
		2132CB7529C5D0FC003D5C12 /* AudioAttachmentView.swift */ = {isa = PBXFileReference; lastKnownFileType = sourcecode.swift; path = AudioAttachmentView.swift; sourceTree = "<group>"; };
		213E7A3A29AEF91F00CD3BEF /* AddCommentBox.swift */ = {isa = PBXFileReference; lastKnownFileType = sourcecode.swift; path = AddCommentBox.swift; sourceTree = "<group>"; };
		213EDD982980DA7C00012198 /* IssueTrackerSettings.swift */ = {isa = PBXFileReference; lastKnownFileType = sourcecode.swift; path = IssueTrackerSettings.swift; sourceTree = "<group>"; };
		213EDD9A29814C9A00012198 /* TagTableColumn.swift */ = {isa = PBXFileReference; lastKnownFileType = sourcecode.swift; path = TagTableColumn.swift; sourceTree = "<group>"; };
		2141D3C129E6B5A000113CA0 /* IssueProperties.swift */ = {isa = PBXFileReference; lastKnownFileType = sourcecode.swift; path = IssueProperties.swift; sourceTree = "<group>"; };
		2150C83A295972E0006CD7D2 /* IssueTracker.app */ = {isa = PBXFileReference; explicitFileType = wrapper.application; includeInIndex = 0; path = IssueTracker.app; sourceTree = BUILT_PRODUCTS_DIR; };
		2150C83D295972E0006CD7D2 /* IssueTrackerApp.swift */ = {isa = PBXFileReference; lastKnownFileType = sourcecode.swift; path = IssueTrackerApp.swift; sourceTree = "<group>"; };
		2150C83F295972E0006CD7D2 /* ContentView.swift */ = {isa = PBXFileReference; lastKnownFileType = sourcecode.swift; path = ContentView.swift; sourceTree = "<group>"; };
		2150C841295972E2006CD7D2 /* Assets.xcassets */ = {isa = PBXFileReference; lastKnownFileType = folder.assetcatalog; path = Assets.xcassets; sourceTree = "<group>"; };
		2150C844295972E2006CD7D2 /* Preview Assets.xcassets */ = {isa = PBXFileReference; lastKnownFileType = folder.assetcatalog; path = "Preview Assets.xcassets"; sourceTree = "<group>"; };
		2150C846295972E2006CD7D2 /* Persistence.swift */ = {isa = PBXFileReference; lastKnownFileType = sourcecode.swift; path = Persistence.swift; sourceTree = "<group>"; };
		2150C849295972E2006CD7D2 /* IssueTracker.xcdatamodel */ = {isa = PBXFileReference; lastKnownFileType = wrapper.xcdatamodel; path = IssueTracker.xcdatamodel; sourceTree = "<group>"; };
		2150C84F295972E2006CD7D2 /* IssueTrackerTests.xctest */ = {isa = PBXFileReference; explicitFileType = wrapper.cfbundle; includeInIndex = 0; path = IssueTrackerTests.xctest; sourceTree = BUILT_PRODUCTS_DIR; };
		2150C859295972E2006CD7D2 /* IssueTrackerUITests.xctest */ = {isa = PBXFileReference; explicitFileType = wrapper.cfbundle; includeInIndex = 0; path = IssueTrackerUITests.xctest; sourceTree = BUILT_PRODUCTS_DIR; };
		2150C85D295972E2006CD7D2 /* IssueTrackerUITests.swift */ = {isa = PBXFileReference; lastKnownFileType = sourcecode.swift; path = IssueTrackerUITests.swift; sourceTree = "<group>"; };
		2150C85F295972E2006CD7D2 /* IssueTrackerUITestsLaunchTests.swift */ = {isa = PBXFileReference; lastKnownFileType = sourcecode.swift; path = IssueTrackerUITestsLaunchTests.swift; sourceTree = "<group>"; };
		2154B59C297F85910040FE69 /* IssueRow.swift */ = {isa = PBXFileReference; lastKnownFileType = sourcecode.swift; path = IssueRow.swift; sourceTree = "<group>"; };
		2154B59E297F88340040FE69 /* View+secondaryFootnote.swift */ = {isa = PBXFileReference; lastKnownFileType = sourcecode.swift; path = "View+secondaryFootnote.swift"; sourceTree = "<group>"; };
		21562B9E29F3E4D6006AB379 /* CommentProperties.swift */ = {isa = PBXFileReference; lastKnownFileType = sourcecode.swift; path = CommentProperties.swift; sourceTree = "<group>"; };
		21562BA029F42951006AB379 /* SortState.swift */ = {isa = PBXFileReference; lastKnownFileType = sourcecode.swift; path = SortState.swift; sourceTree = "<group>"; };
		21562BA229F4297E006AB379 /* SearchState.swift */ = {isa = PBXFileReference; lastKnownFileType = sourcecode.swift; path = SearchState.swift; sourceTree = "<group>"; };
		2159F00B29CABC5C00E01576 /* WrappingHStack.swift */ = {isa = PBXFileReference; lastKnownFileType = sourcecode.swift; path = WrappingHStack.swift; sourceTree = "<group>"; };
		21654BC529605245009C434B /* AddIssueView.swift */ = {isa = PBXFileReference; lastKnownFileType = sourcecode.swift; path = AddIssueView.swift; sourceTree = "<group>"; };
		2168A62C29CC373D004CF64B /* Issue+Example.swift */ = {isa = PBXFileReference; lastKnownFileType = sourcecode.swift; path = "Issue+Example.swift"; sourceTree = "<group>"; };
		2168A62E29CC72F0004CF64B /* Project+Example.swift */ = {isa = PBXFileReference; lastKnownFileType = sourcecode.swift; path = "Project+Example.swift"; sourceTree = "<group>"; };
		2168A63029CC75B7004CF64B /* Comment+Example.swift */ = {isa = PBXFileReference; lastKnownFileType = sourcecode.swift; path = "Comment+Example.swift"; sourceTree = "<group>"; };
		2168A63229CC763B004CF64B /* Tag+Example.swift */ = {isa = PBXFileReference; lastKnownFileType = sourcecode.swift; path = "Tag+Example.swift"; sourceTree = "<group>"; };
		216A276929F3815C00C3B9C4 /* ProjectProperties.swift */ = {isa = PBXFileReference; lastKnownFileType = sourcecode.swift; path = ProjectProperties.swift; sourceTree = "<group>"; };
		21734A8C29764D8400EB3942 /* AddProjectView.swift */ = {isa = PBXFileReference; lastKnownFileType = sourcecode.swift; path = AddProjectView.swift; sourceTree = "<group>"; };
		21734A8E29764E4E00EB3942 /* ProjectListView.swift */ = {isa = PBXFileReference; lastKnownFileType = sourcecode.swift; path = ProjectListView.swift; sourceTree = "<group>"; };
		21734A9029764F0700EB3942 /* AddIssueView.swift */ = {isa = PBXFileReference; lastKnownFileType = sourcecode.swift; path = AddIssueView.swift; sourceTree = "<group>"; };
		21734A9229764F9600EB3942 /* IssueDetail.swift */ = {isa = PBXFileReference; lastKnownFileType = sourcecode.swift; path = IssueDetail.swift; sourceTree = "<group>"; };
		21734A9429764FFB00EB3942 /* IssuesListView.swift */ = {isa = PBXFileReference; lastKnownFileType = sourcecode.swift; path = IssuesListView.swift; sourceTree = "<group>"; };
		2179A40229EBCA2700D69C82 /* SheetWithIndicator.swift */ = {isa = PBXFileReference; lastKnownFileType = sourcecode.swift; path = SheetWithIndicator.swift; sourceTree = "<group>"; };
		2179A40529EBEA3D00D69C82 /* IssueSummary.swift */ = {isa = PBXFileReference; lastKnownFileType = sourcecode.swift; path = IssueSummary.swift; sourceTree = "<group>"; };
		217D506C29FD08340064FE8A /* ImageAttachmentsRow.swift */ = {isa = PBXFileReference; lastKnownFileType = sourcecode.swift; path = ImageAttachmentsRow.swift; sourceTree = "<group>"; };
		218A50B82975087F00DF29F5 /* MacIssueTracker.app */ = {isa = PBXFileReference; explicitFileType = wrapper.application; includeInIndex = 0; path = MacIssueTracker.app; sourceTree = BUILT_PRODUCTS_DIR; };
		218A50BC2975088000DF29F5 /* ContentView.swift */ = {isa = PBXFileReference; lastKnownFileType = sourcecode.swift; path = ContentView.swift; sourceTree = "<group>"; };
		218A50BE2975088200DF29F5 /* Assets.xcassets */ = {isa = PBXFileReference; lastKnownFileType = folder.assetcatalog; path = Assets.xcassets; sourceTree = "<group>"; };
		218A50C12975088200DF29F5 /* Preview Assets.xcassets */ = {isa = PBXFileReference; lastKnownFileType = folder.assetcatalog; path = "Preview Assets.xcassets"; sourceTree = "<group>"; };
		218A50C32975088200DF29F5 /* MacIssueTracker.entitlements */ = {isa = PBXFileReference; lastKnownFileType = text.plist.entitlements; path = MacIssueTracker.entitlements; sourceTree = "<group>"; };
		218A50C82975088200DF29F5 /* MacIssueTrackerTests.xctest */ = {isa = PBXFileReference; explicitFileType = wrapper.cfbundle; includeInIndex = 0; path = MacIssueTrackerTests.xctest; sourceTree = BUILT_PRODUCTS_DIR; };
		218A50CC2975088200DF29F5 /* MacIssueTrackerTests.swift */ = {isa = PBXFileReference; lastKnownFileType = sourcecode.swift; path = MacIssueTrackerTests.swift; sourceTree = "<group>"; };
		218A50D22975088300DF29F5 /* MacIssueTrackerUITests.xctest */ = {isa = PBXFileReference; explicitFileType = wrapper.cfbundle; includeInIndex = 0; path = MacIssueTrackerUITests.xctest; sourceTree = BUILT_PRODUCTS_DIR; };
		218A50D62975088300DF29F5 /* MacIssueTrackerUITests.swift */ = {isa = PBXFileReference; lastKnownFileType = sourcecode.swift; path = MacIssueTrackerUITests.swift; sourceTree = "<group>"; };
		218A50D82975088300DF29F5 /* MacIssueTrackerUITestsLaunchTests.swift */ = {isa = PBXFileReference; lastKnownFileType = sourcecode.swift; path = MacIssueTrackerUITestsLaunchTests.swift; sourceTree = "<group>"; };
		218E60C529822A7800A9C4AB /* IssueTrackerSettingsViewModel.swift */ = {isa = PBXFileReference; lastKnownFileType = sourcecode.swift; path = IssueTrackerSettingsViewModel.swift; sourceTree = "<group>"; };
		218E60C7298245BA00A9C4AB /* FilterIssuesList.swift */ = {isa = PBXFileReference; lastKnownFileType = sourcecode.swift; path = FilterIssuesList.swift; sourceTree = "<group>"; };
		218E60C9298296FD00A9C4AB /* IssueTracker.entitlements */ = {isa = PBXFileReference; lastKnownFileType = text.plist.entitlements; path = IssueTracker.entitlements; sourceTree = "<group>"; };
		218F93D629C8044500F9D62A /* ImageDetailView.swift */ = {isa = PBXFileReference; lastKnownFileType = sourcecode.swift; path = ImageDetailView.swift; sourceTree = "<group>"; };
		218FD5EB29E65BD50029E1E6 /* PersistenceError.swift */ = {isa = PBXFileReference; lastKnownFileType = sourcecode.swift; path = PersistenceError.swift; sourceTree = "<group>"; };
		21AFDF2329777A3C00847889 /* Color+rgbComponents.swift */ = {isa = PBXFileReference; lastKnownFileType = sourcecode.swift; path = "Color+rgbComponents.swift"; sourceTree = "<group>"; };
		21AFDF2629777BD000847889 /* TagSearchView.swift */ = {isa = PBXFileReference; lastKnownFileType = sourcecode.swift; path = TagSearchView.swift; sourceTree = "<group>"; };
		21AFDF2929777F7F00847889 /* TagFilterView.swift */ = {isa = PBXFileReference; lastKnownFileType = sourcecode.swift; path = TagFilterView.swift; sourceTree = "<group>"; };
		21AFDF2C2977CB5100847889 /* SFSymbol.swift */ = {isa = PBXFileReference; lastKnownFileType = sourcecode.swift; path = SFSymbol.swift; sourceTree = "<group>"; };
		21BBEBF0295E8176008F237B /* TagSelectionView.swift */ = {isa = PBXFileReference; lastKnownFileType = sourcecode.swift; path = TagSelectionView.swift; sourceTree = "<group>"; };
		21BBEBF2295E8465008F237B /* Tag+Extensions.swift */ = {isa = PBXFileReference; lastKnownFileType = sourcecode.swift; path = "Tag+Extensions.swift"; sourceTree = "<group>"; };
		21BBEBF4295E9A5E008F237B /* IssueRowView.swift */ = {isa = PBXFileReference; lastKnownFileType = sourcecode.swift; path = IssueRowView.swift; sourceTree = "<group>"; };
		21BBEBF6295EC963008F237B /* IssueDetail.swift */ = {isa = PBXFileReference; lastKnownFileType = sourcecode.swift; path = IssueDetail.swift; sourceTree = "<group>"; };
		21BBEBFA295ECF8B008F237B /* Comment+Extensions.swift */ = {isa = PBXFileReference; lastKnownFileType = sourcecode.swift; path = "Comment+Extensions.swift"; sourceTree = "<group>"; };
		21BBEBFC295EDBE8008F237B /* CommentBoxView.swift */ = {isa = PBXFileReference; lastKnownFileType = sourcecode.swift; path = CommentBoxView.swift; sourceTree = "<group>"; };
		21BBEBFE295EE1E9008F237B /* TagView.swift */ = {isa = PBXFileReference; lastKnownFileType = sourcecode.swift; path = TagView.swift; sourceTree = "<group>"; };
		21C0A5C529F7BC8B00166499 /* SFSymbol.swift */ = {isa = PBXFileReference; lastKnownFileType = sourcecode.swift; path = SFSymbol.swift; sourceTree = "<group>"; };
		21CB0C8129CD48EA006BF4FF /* bulbasaur.png */ = {isa = PBXFileReference; lastKnownFileType = image.png; path = bulbasaur.png; sourceTree = "<group>"; };
		21CB0C8329CD4902006BF4FF /* URL+previewImage.swift */ = {isa = PBXFileReference; lastKnownFileType = sourcecode.swift; path = "URL+previewImage.swift"; sourceTree = "<group>"; };
		21CEAAC1297D4EC500A7A344 /* EditIssueView.swift */ = {isa = PBXFileReference; lastKnownFileType = sourcecode.swift; path = EditIssueView.swift; sourceTree = "<group>"; };
		21D031F129F1098C00F20E1B /* MandatoryFormField.swift */ = {isa = PBXFileReference; lastKnownFileType = sourcecode.swift; path = MandatoryFormField.swift; sourceTree = "<group>"; };
		21D031F329F109A300F20E1B /* TextFieldValidation.swift */ = {isa = PBXFileReference; lastKnownFileType = sourcecode.swift; path = TextFieldValidation.swift; sourceTree = "<group>"; };
		21E12CDC29E94E1400EE8255 /* CloudKitManager.swift */ = {isa = PBXFileReference; lastKnownFileType = sourcecode.swift; path = CloudKitManager.swift; sourceTree = "<group>"; };
		21E6D2A6295BD4C500BB4AA6 /* TextStyles.swift */ = {isa = PBXFileReference; lastKnownFileType = sourcecode.swift; path = TextStyles.swift; sourceTree = "<group>"; };
		21E6D2AA295BD9B500BB4AA6 /* Color+Extensions.swift */ = {isa = PBXFileReference; lastKnownFileType = sourcecode.swift; path = "Color+Extensions.swift"; sourceTree = "<group>"; };
		21E6D2AC295BDFBF00BB4AA6 /* ButtonStyles.swift */ = {isa = PBXFileReference; lastKnownFileType = sourcecode.swift; path = ButtonStyles.swift; sourceTree = "<group>"; };
		21E6D2AE295BEA6800BB4AA6 /* SF-Pro-Text-Light.otf */ = {isa = PBXFileReference; lastKnownFileType = file; path = "SF-Pro-Text-Light.otf"; sourceTree = "<group>"; };
		21E6D2B2295BF94800BB4AA6 /* HomeView.swift */ = {isa = PBXFileReference; lastKnownFileType = sourcecode.swift; path = HomeView.swift; sourceTree = "<group>"; };
		21E6D2BC295C4B8400BB4AA6 /* CustomTextField.swift */ = {isa = PBXFileReference; lastKnownFileType = sourcecode.swift; path = CustomTextField.swift; sourceTree = "<group>"; };
		21E6D2BE295C4DD900BB4AA6 /* AddProjectView.swift */ = {isa = PBXFileReference; fileEncoding = 4; lastKnownFileType = sourcecode.swift; path = AddProjectView.swift; sourceTree = "<group>"; };
		21E6D2C0295C5B4900BB4AA6 /* ProjectRowView.swift */ = {isa = PBXFileReference; lastKnownFileType = sourcecode.swift; path = ProjectRowView.swift; sourceTree = "<group>"; };
		21F1DA28295D9C0E00076D73 /* String+filterWhitespace.swift */ = {isa = PBXFileReference; lastKnownFileType = sourcecode.swift; path = "String+filterWhitespace.swift"; sourceTree = "<group>"; };
		21F1DA32295DABB700076D73 /* IssuesListView.swift */ = {isa = PBXFileReference; lastKnownFileType = sourcecode.swift; path = IssuesListView.swift; sourceTree = "<group>"; };
		21F1DA34295DB04E00076D73 /* Issue+Extensions.swift */ = {isa = PBXFileReference; lastKnownFileType = sourcecode.swift; path = "Issue+Extensions.swift"; sourceTree = "<group>"; };
		21F1DA3C295DBD6500076D73 /* LabeledInputField.swift */ = {isa = PBXFileReference; lastKnownFileType = sourcecode.swift; path = LabeledInputField.swift; sourceTree = "<group>"; };
		21FDE717295D64F10006C24A /* Project+Extensions.swift */ = {isa = PBXFileReference; lastKnownFileType = sourcecode.swift; path = "Project+Extensions.swift"; sourceTree = "<group>"; };
		21FDE756295D80D30006C24A /* EditProjectView.swift */ = {isa = PBXFileReference; lastKnownFileType = sourcecode.swift; path = EditProjectView.swift; sourceTree = "<group>"; };
/* End PBXFileReference section */

/* Begin PBXFrameworksBuildPhase section */
		2150C837295972E0006CD7D2 /* Frameworks */ = {
			isa = PBXFrameworksBuildPhase;
			buildActionMask = 2147483647;
			files = (
			);
			runOnlyForDeploymentPostprocessing = 0;
		};
		2150C84C295972E2006CD7D2 /* Frameworks */ = {
			isa = PBXFrameworksBuildPhase;
			buildActionMask = 2147483647;
			files = (
			);
			runOnlyForDeploymentPostprocessing = 0;
		};
		2150C856295972E2006CD7D2 /* Frameworks */ = {
			isa = PBXFrameworksBuildPhase;
			buildActionMask = 2147483647;
			files = (
			);
			runOnlyForDeploymentPostprocessing = 0;
		};
		218A50B52975087F00DF29F5 /* Frameworks */ = {
			isa = PBXFrameworksBuildPhase;
			buildActionMask = 2147483647;
			files = (
			);
			runOnlyForDeploymentPostprocessing = 0;
		};
		218A50C52975088200DF29F5 /* Frameworks */ = {
			isa = PBXFrameworksBuildPhase;
			buildActionMask = 2147483647;
			files = (
			);
			runOnlyForDeploymentPostprocessing = 0;
		};
		218A50CF2975088200DF29F5 /* Frameworks */ = {
			isa = PBXFrameworksBuildPhase;
			buildActionMask = 2147483647;
			files = (
			);
			runOnlyForDeploymentPostprocessing = 0;
		};
/* End PBXFrameworksBuildPhase section */

/* Begin PBXGroup section */
		210650DE297BD45B00E5BCD7 /* Styles */ = {
			isa = PBXGroup;
			children = (
				210650DF297BD46C00E5BCD7 /* TextStyles.swift */,
			);
			path = Styles;
			sourceTree = "<group>";
		};
		211246C329B9B81C00D0EB01 /* Models */ = {
			isa = PBXGroup;
			children = (
				211246C429B9B82900D0EB01 /* AudioPlayer.swift */,
				211246C629B9B84500D0EB01 /* AudioRecorder.swift */,
				211246C829B9B89A00D0EB01 /* AttachmentTransferable.swift */,
				211246CA29B9B8EF00D0EB01 /* AttachmentType.swift */,
				218FD5EB29E65BD50029E1E6 /* PersistenceError.swift */,
				2141D3C129E6B5A000113CA0 /* IssueProperties.swift */,
				21E12CDC29E94E1400EE8255 /* CloudKitManager.swift */,
				21009AEA29EE6D8D009CAF42 /* ErrorWrapper.swift */,
				216A276929F3815C00C3B9C4 /* ProjectProperties.swift */,
				21562B9E29F3E4D6006AB379 /* CommentProperties.swift */,
				21562BA029F42951006AB379 /* SortState.swift */,
				21562BA229F4297E006AB379 /* SearchState.swift */,
				21C0A5C529F7BC8B00166499 /* SFSymbol.swift */,
			);
			path = Models;
			sourceTree = "<group>";
		};
		2141D3C029E6A4D200113CA0 /* View modifiers */ = {
			isa = PBXGroup;
			children = (
				2179A40229EBCA2700D69C82 /* SheetWithIndicator.swift */,
			);
			path = "View modifiers";
			sourceTree = "<group>";
		};
		2150C831295972E0006CD7D2 = {
			isa = PBXGroup;
			children = (
				2150C83C295972E0006CD7D2 /* IssueTracker */,
				2150C852295972E2006CD7D2 /* IssueTrackerTests */,
				2150C85C295972E2006CD7D2 /* IssueTrackerUITests */,
				218A50B92975088000DF29F5 /* MacIssueTracker */,
				218A50CB2975088200DF29F5 /* MacIssueTrackerTests */,
				218A50D52975088300DF29F5 /* MacIssueTrackerUITests */,
				2150C83B295972E0006CD7D2 /* Products */,
			);
			sourceTree = "<group>";
		};
		2150C83B295972E0006CD7D2 /* Products */ = {
			isa = PBXGroup;
			children = (
				2150C83A295972E0006CD7D2 /* IssueTracker.app */,
				2150C84F295972E2006CD7D2 /* IssueTrackerTests.xctest */,
				2150C859295972E2006CD7D2 /* IssueTrackerUITests.xctest */,
				218A50B82975087F00DF29F5 /* MacIssueTracker.app */,
				218A50C82975088200DF29F5 /* MacIssueTrackerTests.xctest */,
				218A50D22975088300DF29F5 /* MacIssueTrackerUITests.xctest */,
			);
			name = Products;
			sourceTree = "<group>";
		};
		2150C83C295972E0006CD7D2 /* IssueTracker */ = {
			isa = PBXGroup;
			children = (
				2141D3C029E6A4D200113CA0 /* View modifiers */,
				211246C329B9B81C00D0EB01 /* Models */,
				218E60C9298296FD00A9C4AB /* IssueTracker.entitlements */,
				21E6D2B1295BF89700BB4AA6 /* Views */,
				21E6D2A9295BD9A800BB4AA6 /* Extensions */,
				21E6D2A8295BD8BC00BB4AA6 /* Resources */,
				21E6D2A5295BD4B800BB4AA6 /* Styles */,
				2150C83D295972E0006CD7D2 /* IssueTrackerApp.swift */,
				2150C841295972E2006CD7D2 /* Assets.xcassets */,
				2150C846295972E2006CD7D2 /* Persistence.swift */,
				2150C848295972E2006CD7D2 /* IssueTracker.xcdatamodeld */,
				2150C843295972E2006CD7D2 /* Preview Content */,
				2105DC5129628DFD008F940B /* TODO.md */,
			);
			path = IssueTracker;
			sourceTree = "<group>";
		};
		2150C843295972E2006CD7D2 /* Preview Content */ = {
			isa = PBXGroup;
			children = (
				21CB0C8129CD48EA006BF4FF /* bulbasaur.png */,
				2150C844295972E2006CD7D2 /* Preview Assets.xcassets */,
				2168A62C29CC373D004CF64B /* Issue+Example.swift */,
				2168A62E29CC72F0004CF64B /* Project+Example.swift */,
				2168A63029CC75B7004CF64B /* Comment+Example.swift */,
				2168A63229CC763B004CF64B /* Tag+Example.swift */,
				21CB0C8329CD4902006BF4FF /* URL+previewImage.swift */,
			);
			path = "Preview Content";
			sourceTree = "<group>";
		};
		2150C852295972E2006CD7D2 /* IssueTrackerTests */ = {
			isa = PBXGroup;
			children = (
			);
			path = IssueTrackerTests;
			sourceTree = "<group>";
		};
		2150C85C295972E2006CD7D2 /* IssueTrackerUITests */ = {
			isa = PBXGroup;
			children = (
				2150C85D295972E2006CD7D2 /* IssueTrackerUITests.swift */,
				2150C85F295972E2006CD7D2 /* IssueTrackerUITestsLaunchTests.swift */,
			);
			path = IssueTrackerUITests;
			sourceTree = "<group>";
		};
		21562B9D29F3D949006AB379 /* Add comment box */ = {
			isa = PBXGroup;
			children = (
				213E7A3A29AEF91F00CD3BEF /* AddCommentBox.swift */,
				217D506C29FD08340064FE8A /* ImageAttachmentsRow.swift */,
			);
			path = "Add comment box";
			sourceTree = "<group>";
		};
		21734A8B29764D7100EB3942 /* Views */ = {
			isa = PBXGroup;
			children = (
				21734A8C29764D8400EB3942 /* AddProjectView.swift */,
				21734A8E29764E4E00EB3942 /* ProjectListView.swift */,
				21734A9029764F0700EB3942 /* AddIssueView.swift */,
				21734A9229764F9600EB3942 /* IssueDetail.swift */,
				21734A9429764FFB00EB3942 /* IssuesListView.swift */,
				21CEAAC1297D4EC500A7A344 /* EditIssueView.swift */,
				213EDD982980DA7C00012198 /* IssueTrackerSettings.swift */,
			);
			path = Views;
			sourceTree = "<group>";
		};
		2179A40429EBEA2300D69C82 /* Issue detail */ = {
			isa = PBXGroup;
			children = (
				2127AD61295FB421005893DE /* EditIssueView.swift */,
				21BBEBF6295EC963008F237B /* IssueDetail.swift */,
				2179A40529EBEA3D00D69C82 /* IssueSummary.swift */,
			);
			path = "Issue detail";
			sourceTree = "<group>";
		};
		217D506E29FD17FB0064FE8A /* Issue */ = {
			isa = PBXGroup;
			children = (
				2179A40429EBEA2300D69C82 /* Issue detail */,
				21F1DA32295DABB700076D73 /* IssuesListView.swift */,
				21654BC529605245009C434B /* AddIssueView.swift */,
			);
			path = Issue;
			sourceTree = "<group>";
		};
		217D506F29FD180A0064FE8A /* Project */ = {
			isa = PBXGroup;
			children = (
				21E6D2BE295C4DD900BB4AA6 /* AddProjectView.swift */,
				21FDE756295D80D30006C24A /* EditProjectView.swift */,
			);
			path = Project;
			sourceTree = "<group>";
		};
		217D507029FD18140064FE8A /* Tags */ = {
			isa = PBXGroup;
			children = (
				2105DC532962CF33008F940B /* TagsEditView.swift */,
				211104AA297239DB00FB8CD1 /* EditTagView.swift */,
			);
			path = Tags;
			sourceTree = "<group>";
		};
		217D507129FD18280064FE8A /* Screens */ = {
			isa = PBXGroup;
			children = (
				2150C83F295972E0006CD7D2 /* ContentView.swift */,
				21E6D2B2295BF94800BB4AA6 /* HomeView.swift */,
				21009AE829EE6C56009CAF42 /* ErrorView.swift */,
				217D507029FD18140064FE8A /* Tags */,
				217D506F29FD180A0064FE8A /* Project */,
				217D506E29FD17FB0064FE8A /* Issue */,
			);
			path = Screens;
			sourceTree = "<group>";
		};
		218A50B92975088000DF29F5 /* MacIssueTracker */ = {
			isa = PBXGroup;
			children = (
				218E60C429822A6500A9C4AB /* View models */,
				210650DE297BD45B00E5BCD7 /* Styles */,
				21AFDF2B2977CB4800847889 /* Models */,
				21AFDF2529777BC100847889 /* Components */,
				21AFDF22297779FE00847889 /* Extensions */,
				218A50BC2975088000DF29F5 /* ContentView.swift */,
				21734A8B29764D7100EB3942 /* Views */,
				218A50BE2975088200DF29F5 /* Assets.xcassets */,
				218A50C32975088200DF29F5 /* MacIssueTracker.entitlements */,
				218A50C02975088200DF29F5 /* Preview Content */,
			);
			path = MacIssueTracker;
			sourceTree = "<group>";
		};
		218A50C02975088200DF29F5 /* Preview Content */ = {
			isa = PBXGroup;
			children = (
				218A50C12975088200DF29F5 /* Preview Assets.xcassets */,
			);
			path = "Preview Content";
			sourceTree = "<group>";
		};
		218A50CB2975088200DF29F5 /* MacIssueTrackerTests */ = {
			isa = PBXGroup;
			children = (
				218A50CC2975088200DF29F5 /* MacIssueTrackerTests.swift */,
			);
			path = MacIssueTrackerTests;
			sourceTree = "<group>";
		};
		218A50D52975088300DF29F5 /* MacIssueTrackerUITests */ = {
			isa = PBXGroup;
			children = (
				218A50D62975088300DF29F5 /* MacIssueTrackerUITests.swift */,
				218A50D82975088300DF29F5 /* MacIssueTrackerUITestsLaunchTests.swift */,
			);
			path = MacIssueTrackerUITests;
			sourceTree = "<group>";
		};
		218E60C429822A6500A9C4AB /* View models */ = {
			isa = PBXGroup;
			children = (
				218E60C529822A7800A9C4AB /* IssueTrackerSettingsViewModel.swift */,
			);
			path = "View models";
			sourceTree = "<group>";
		};
		21AFDF22297779FE00847889 /* Extensions */ = {
			isa = PBXGroup;
			children = (
				21AFDF2329777A3C00847889 /* Color+rgbComponents.swift */,
				2154B59E297F88340040FE69 /* View+secondaryFootnote.swift */,
			);
			path = Extensions;
			sourceTree = "<group>";
		};
		21AFDF2529777BC100847889 /* Components */ = {
			isa = PBXGroup;
			children = (
				21AFDF2829777F6600847889 /* Tag search */,
				210650E1297BD6CF00E5BCD7 /* CommentView.swift */,
				2154B59C297F85910040FE69 /* IssueRow.swift */,
				213EDD9A29814C9A00012198 /* TagTableColumn.swift */,
				218E60C7298245BA00A9C4AB /* FilterIssuesList.swift */,
			);
			path = Components;
			sourceTree = "<group>";
		};
		21AFDF2829777F6600847889 /* Tag search */ = {
			isa = PBXGroup;
			children = (
				21AFDF2629777BD000847889 /* TagSearchView.swift */,
				21AFDF2929777F7F00847889 /* TagFilterView.swift */,
			);
			path = "Tag search";
			sourceTree = "<group>";
		};
		21AFDF2B2977CB4800847889 /* Models */ = {
			isa = PBXGroup;
			children = (
				21AFDF2C2977CB5100847889 /* SFSymbol.swift */,
			);
			path = Models;
			sourceTree = "<group>";
		};
		21D031F029F1092600F20E1B /* Environment values */ = {
			isa = PBXGroup;
			children = (
				21D031F129F1098C00F20E1B /* MandatoryFormField.swift */,
				21D031F329F109A300F20E1B /* TextFieldValidation.swift */,
			);
			path = "Environment values";
			sourceTree = "<group>";
		};
		21E6D290295BC82900BB4AA6 /* Core data */ = {
			isa = PBXGroup;
			children = (
				21FDE717295D64F10006C24A /* Project+Extensions.swift */,
				21F1DA34295DB04E00076D73 /* Issue+Extensions.swift */,
				21BBEBF2295E8465008F237B /* Tag+Extensions.swift */,
				21BBEBFA295ECF8B008F237B /* Comment+Extensions.swift */,
			);
			path = "Core data";
			sourceTree = "<group>";
		};
		21E6D2A5295BD4B800BB4AA6 /* Styles */ = {
			isa = PBXGroup;
			children = (
				21E6D2A6295BD4C500BB4AA6 /* TextStyles.swift */,
				21E6D2AC295BDFBF00BB4AA6 /* ButtonStyles.swift */,
			);
			path = Styles;
			sourceTree = "<group>";
		};
		21E6D2A8295BD8BC00BB4AA6 /* Resources */ = {
			isa = PBXGroup;
			children = (
				21E6D2AE295BEA6800BB4AA6 /* SF-Pro-Text-Light.otf */,
			);
			path = Resources;
			sourceTree = "<group>";
		};
		21E6D2A9295BD9A800BB4AA6 /* Extensions */ = {
			isa = PBXGroup;
			children = (
				21E6D290295BC82900BB4AA6 /* Core data */,
				21D031F029F1092600F20E1B /* Environment values */,
				21E6D2AA295BD9B500BB4AA6 /* Color+Extensions.swift */,
				21F1DA28295D9C0E00076D73 /* String+filterWhitespace.swift */,
			);
			path = Extensions;
			sourceTree = "<group>";
		};
		21E6D2B1295BF89700BB4AA6 /* Views */ = {
			isa = PBXGroup;
			children = (
				217D507129FD18280064FE8A /* Screens */,
				21E6D2BB295C4B7900BB4AA6 /* Components */,
			);
			path = Views;
			sourceTree = "<group>";
		};
		21E6D2BB295C4B7900BB4AA6 /* Components */ = {
			isa = PBXGroup;
			children = (
				21562B9D29F3D949006AB379 /* Add comment box */,
				21E6D2BC295C4B8400BB4AA6 /* CustomTextField.swift */,
				21E6D2C0295C5B4900BB4AA6 /* ProjectRowView.swift */,
				21F1DA3C295DBD6500076D73 /* LabeledInputField.swift */,
				21BBEBF0295E8176008F237B /* TagSelectionView.swift */,
				21BBEBF4295E9A5E008F237B /* IssueRowView.swift */,
				21BBEBFC295EDBE8008F237B /* CommentBoxView.swift */,
				2132CB7329C5CF9A003D5C12 /* ImageAttachmentView.swift */,
				21BBEBFE295EE1E9008F237B /* TagView.swift */,
				2127AD65295FBD0E005893DE /* ProminentTagView.swift */,
				2132CB6B29C56785003D5C12 /* AudioAttachmentPreview.swift */,
				2132CB7529C5D0FC003D5C12 /* AudioAttachmentView.swift */,
				218F93D629C8044500F9D62A /* ImageDetailView.swift */,
				2159F00B29CABC5C00E01576 /* WrappingHStack.swift */,
			);
			path = Components;
			sourceTree = "<group>";
		};
/* End PBXGroup section */

/* Begin PBXNativeTarget section */
		2150C839295972E0006CD7D2 /* IssueTracker */ = {
			isa = PBXNativeTarget;
			buildConfigurationList = 2150C863295972E2006CD7D2 /* Build configuration list for PBXNativeTarget "IssueTracker" */;
			buildPhases = (
				2150C836295972E0006CD7D2 /* Sources */,
				2150C837295972E0006CD7D2 /* Frameworks */,
				2150C838295972E0006CD7D2 /* Resources */,
			);
			buildRules = (
			);
			dependencies = (
			);
			name = IssueTracker;
			productName = IssueTracker;
			productReference = 2150C83A295972E0006CD7D2 /* IssueTracker.app */;
			productType = "com.apple.product-type.application";
		};
		2150C84E295972E2006CD7D2 /* IssueTrackerTests */ = {
			isa = PBXNativeTarget;
			buildConfigurationList = 2150C866295972E2006CD7D2 /* Build configuration list for PBXNativeTarget "IssueTrackerTests" */;
			buildPhases = (
				2150C84B295972E2006CD7D2 /* Sources */,
				2150C84C295972E2006CD7D2 /* Frameworks */,
				2150C84D295972E2006CD7D2 /* Resources */,
			);
			buildRules = (
			);
			dependencies = (
				2150C851295972E2006CD7D2 /* PBXTargetDependency */,
			);
			name = IssueTrackerTests;
			productName = IssueTrackerTests;
			productReference = 2150C84F295972E2006CD7D2 /* IssueTrackerTests.xctest */;
			productType = "com.apple.product-type.bundle.unit-test";
		};
		2150C858295972E2006CD7D2 /* IssueTrackerUITests */ = {
			isa = PBXNativeTarget;
			buildConfigurationList = 2150C869295972E2006CD7D2 /* Build configuration list for PBXNativeTarget "IssueTrackerUITests" */;
			buildPhases = (
				2150C855295972E2006CD7D2 /* Sources */,
				2150C856295972E2006CD7D2 /* Frameworks */,
				2150C857295972E2006CD7D2 /* Resources */,
			);
			buildRules = (
			);
			dependencies = (
				2150C85B295972E2006CD7D2 /* PBXTargetDependency */,
			);
			name = IssueTrackerUITests;
			productName = IssueTrackerUITests;
			productReference = 2150C859295972E2006CD7D2 /* IssueTrackerUITests.xctest */;
			productType = "com.apple.product-type.bundle.ui-testing";
		};
		218A50B72975087F00DF29F5 /* MacIssueTracker */ = {
			isa = PBXNativeTarget;
			buildConfigurationList = 218A50E02975088300DF29F5 /* Build configuration list for PBXNativeTarget "MacIssueTracker" */;
			buildPhases = (
				218A50B42975087F00DF29F5 /* Sources */,
				218A50B52975087F00DF29F5 /* Frameworks */,
				218A50B62975087F00DF29F5 /* Resources */,
			);
			buildRules = (
			);
			dependencies = (
			);
			name = MacIssueTracker;
			productName = MacIssueTracker;
			productReference = 218A50B82975087F00DF29F5 /* MacIssueTracker.app */;
			productType = "com.apple.product-type.application";
		};
		218A50C72975088200DF29F5 /* MacIssueTrackerTests */ = {
			isa = PBXNativeTarget;
			buildConfigurationList = 218A50E12975088300DF29F5 /* Build configuration list for PBXNativeTarget "MacIssueTrackerTests" */;
			buildPhases = (
				218A50C42975088200DF29F5 /* Sources */,
				218A50C52975088200DF29F5 /* Frameworks */,
				218A50C62975088200DF29F5 /* Resources */,
			);
			buildRules = (
			);
			dependencies = (
				218A50CA2975088200DF29F5 /* PBXTargetDependency */,
			);
			name = MacIssueTrackerTests;
			productName = MacIssueTrackerTests;
			productReference = 218A50C82975088200DF29F5 /* MacIssueTrackerTests.xctest */;
			productType = "com.apple.product-type.bundle.unit-test";
		};
		218A50D12975088200DF29F5 /* MacIssueTrackerUITests */ = {
			isa = PBXNativeTarget;
			buildConfigurationList = 218A50E22975088300DF29F5 /* Build configuration list for PBXNativeTarget "MacIssueTrackerUITests" */;
			buildPhases = (
				218A50CE2975088200DF29F5 /* Sources */,
				218A50CF2975088200DF29F5 /* Frameworks */,
				218A50D02975088200DF29F5 /* Resources */,
			);
			buildRules = (
			);
			dependencies = (
				218A50D42975088300DF29F5 /* PBXTargetDependency */,
			);
			name = MacIssueTrackerUITests;
			productName = MacIssueTrackerUITests;
			productReference = 218A50D22975088300DF29F5 /* MacIssueTrackerUITests.xctest */;
			productType = "com.apple.product-type.bundle.ui-testing";
		};
/* End PBXNativeTarget section */

/* Begin PBXProject section */
		2150C832295972E0006CD7D2 /* Project object */ = {
			isa = PBXProject;
			attributes = {
				BuildIndependentTargetsInParallel = 1;
				LastSwiftUpdateCheck = 1420;
				LastUpgradeCheck = 1420;
				TargetAttributes = {
					2150C839295972E0006CD7D2 = {
						CreatedOnToolsVersion = 14.2;
					};
					2150C84E295972E2006CD7D2 = {
						CreatedOnToolsVersion = 14.2;
						TestTargetID = 2150C839295972E0006CD7D2;
					};
					2150C858295972E2006CD7D2 = {
						CreatedOnToolsVersion = 14.2;
						TestTargetID = 2150C839295972E0006CD7D2;
					};
					218A50B72975087F00DF29F5 = {
						CreatedOnToolsVersion = 14.2;
					};
					218A50C72975088200DF29F5 = {
						CreatedOnToolsVersion = 14.2;
						TestTargetID = 218A50B72975087F00DF29F5;
					};
					218A50D12975088200DF29F5 = {
						CreatedOnToolsVersion = 14.2;
						TestTargetID = 218A50B72975087F00DF29F5;
					};
				};
			};
			buildConfigurationList = 2150C835295972E0006CD7D2 /* Build configuration list for PBXProject "IssueTracker" */;
			compatibilityVersion = "Xcode 14.0";
			developmentRegion = en;
			hasScannedForEncodings = 0;
			knownRegions = (
				en,
				Base,
			);
			mainGroup = 2150C831295972E0006CD7D2;
			productRefGroup = 2150C83B295972E0006CD7D2 /* Products */;
			projectDirPath = "";
			projectRoot = "";
			targets = (
				2150C839295972E0006CD7D2 /* IssueTracker */,
				2150C84E295972E2006CD7D2 /* IssueTrackerTests */,
				2150C858295972E2006CD7D2 /* IssueTrackerUITests */,
				218A50B72975087F00DF29F5 /* MacIssueTracker */,
				218A50C72975088200DF29F5 /* MacIssueTrackerTests */,
				218A50D12975088200DF29F5 /* MacIssueTrackerUITests */,
			);
		};
/* End PBXProject section */

/* Begin PBXResourcesBuildPhase section */
		2150C838295972E0006CD7D2 /* Resources */ = {
			isa = PBXResourcesBuildPhase;
			buildActionMask = 2147483647;
			files = (
				2105DC5229628DFD008F940B /* TODO.md in Resources */,
				2150C845295972E2006CD7D2 /* Preview Assets.xcassets in Resources */,
				21CB0C8229CD48EA006BF4FF /* bulbasaur.png in Resources */,
				2150C842295972E2006CD7D2 /* Assets.xcassets in Resources */,
				21E6D2AF295BEA6800BB4AA6 /* SF-Pro-Text-Light.otf in Resources */,
			);
			runOnlyForDeploymentPostprocessing = 0;
		};
		2150C84D295972E2006CD7D2 /* Resources */ = {
			isa = PBXResourcesBuildPhase;
			buildActionMask = 2147483647;
			files = (
			);
			runOnlyForDeploymentPostprocessing = 0;
		};
		2150C857295972E2006CD7D2 /* Resources */ = {
			isa = PBXResourcesBuildPhase;
			buildActionMask = 2147483647;
			files = (
			);
			runOnlyForDeploymentPostprocessing = 0;
		};
		218A50B62975087F00DF29F5 /* Resources */ = {
			isa = PBXResourcesBuildPhase;
			buildActionMask = 2147483647;
			files = (
				218A50C22975088200DF29F5 /* Preview Assets.xcassets in Resources */,
				218A50F2297508B900DF29F5 /* Assets.xcassets in Resources */,
				218A5106297508B900DF29F5 /* SF-Pro-Text-Light.otf in Resources */,
				218A50BF2975088200DF29F5 /* Assets.xcassets in Resources */,
			);
			runOnlyForDeploymentPostprocessing = 0;
		};
		218A50C62975088200DF29F5 /* Resources */ = {
			isa = PBXResourcesBuildPhase;
			buildActionMask = 2147483647;
			files = (
			);
			runOnlyForDeploymentPostprocessing = 0;
		};
		218A50D02975088200DF29F5 /* Resources */ = {
			isa = PBXResourcesBuildPhase;
			buildActionMask = 2147483647;
			files = (
			);
			runOnlyForDeploymentPostprocessing = 0;
		};
/* End PBXResourcesBuildPhase section */

/* Begin PBXSourcesBuildPhase section */
		2150C836295972E0006CD7D2 /* Sources */ = {
			isa = PBXSourcesBuildPhase;
			buildActionMask = 2147483647;
			files = (
				21BBEBFB295ECF8B008F237B /* Comment+Extensions.swift in Sources */,
				217D506D29FD08340064FE8A /* ImageAttachmentsRow.swift in Sources */,
				2168A62D29CC373D004CF64B /* Issue+Example.swift in Sources */,
				21BBEBF3295E8465008F237B /* Tag+Extensions.swift in Sources */,
				2168A63329CC763B004CF64B /* Tag+Example.swift in Sources */,
				211246C729B9B84500D0EB01 /* AudioRecorder.swift in Sources */,
				21BBEBF5295E9A5E008F237B /* IssueRowView.swift in Sources */,
				21BBEBF7295EC963008F237B /* IssueDetail.swift in Sources */,
				21F1DA33295DABB700076D73 /* IssuesListView.swift in Sources */,
				2141D3C229E6B5A000113CA0 /* IssueProperties.swift in Sources */,
				2127AD62295FB421005893DE /* EditIssueView.swift in Sources */,
				2150C847295972E2006CD7D2 /* Persistence.swift in Sources */,
				211104AB297239DB00FB8CD1 /* EditTagView.swift in Sources */,
				2179A40329EBCA2700D69C82 /* SheetWithIndicator.swift in Sources */,
				21562B9F29F3E4D6006AB379 /* CommentProperties.swift in Sources */,
				218FD5EC29E65BD50029E1E6 /* PersistenceError.swift in Sources */,
				2150C840295972E0006CD7D2 /* ContentView.swift in Sources */,
				2150C84A295972E2006CD7D2 /* IssueTracker.xcdatamodeld in Sources */,
				21E12CDD29E94E1400EE8255 /* CloudKitManager.swift in Sources */,
				2150C83E295972E0006CD7D2 /* IssueTrackerApp.swift in Sources */,
				21E6D2BD295C4B8400BB4AA6 /* CustomTextField.swift in Sources */,
				21562BA129F42951006AB379 /* SortState.swift in Sources */,
				21FDE718295D64F10006C24A /* Project+Extensions.swift in Sources */,
				21FDE757295D80D30006C24A /* EditProjectView.swift in Sources */,
				21009AE929EE6C56009CAF42 /* ErrorView.swift in Sources */,
				2159F00C29CABC5C00E01576 /* WrappingHStack.swift in Sources */,
				21562BA329F4297F006AB379 /* SearchState.swift in Sources */,
				21F1DA3D295DBD6500076D73 /* LabeledInputField.swift in Sources */,
				216A276A29F3815C00C3B9C4 /* ProjectProperties.swift in Sources */,
				21BBEBFF295EE1E9008F237B /* TagView.swift in Sources */,
				2105DC542962CF33008F940B /* TagsEditView.swift in Sources */,
				21E6D2B3295BF94800BB4AA6 /* HomeView.swift in Sources */,
				21C0A5C629F7BC8B00166499 /* SFSymbol.swift in Sources */,
				2127AD66295FBD0E005893DE /* ProminentTagView.swift in Sources */,
				21E6D2AD295BDFBF00BB4AA6 /* ButtonStyles.swift in Sources */,
				2132CB7629C5D0FC003D5C12 /* AudioAttachmentView.swift in Sources */,
				21654BC629605245009C434B /* AddIssueView.swift in Sources */,
				2168A62F29CC72F0004CF64B /* Project+Example.swift in Sources */,
				218F93D729C8044500F9D62A /* ImageDetailView.swift in Sources */,
				2132CB6C29C56785003D5C12 /* AudioAttachmentPreview.swift in Sources */,
				211246C529B9B82900D0EB01 /* AudioPlayer.swift in Sources */,
				21D031F429F109A300F20E1B /* TextFieldValidation.swift in Sources */,
				2179A40629EBEA3D00D69C82 /* IssueSummary.swift in Sources */,
				2168A63129CC75B7004CF64B /* Comment+Example.swift in Sources */,
				21BBEBF1295E8176008F237B /* TagSelectionView.swift in Sources */,
				21E6D2BF295C4DD900BB4AA6 /* AddProjectView.swift in Sources */,
				213E7A3B29AEF91F00CD3BEF /* AddCommentBox.swift in Sources */,
				21E6D2C1295C5B4900BB4AA6 /* ProjectRowView.swift in Sources */,
				21009AEB29EE6D8D009CAF42 /* ErrorWrapper.swift in Sources */,
				21E6D2AB295BD9B500BB4AA6 /* Color+Extensions.swift in Sources */,
				21F1DA35295DB04E00076D73 /* Issue+Extensions.swift in Sources */,
				211246C929B9B89A00D0EB01 /* AttachmentTransferable.swift in Sources */,
				211246CB29B9B8EF00D0EB01 /* AttachmentType.swift in Sources */,
				21BBEBFD295EDBE8008F237B /* CommentBoxView.swift in Sources */,
				21E6D2A7295BD4C500BB4AA6 /* TextStyles.swift in Sources */,
				2132CB7429C5CF9A003D5C12 /* ImageAttachmentView.swift in Sources */,
				21CB0C8429CD4902006BF4FF /* URL+previewImage.swift in Sources */,
				21D031F229F1098C00F20E1B /* MandatoryFormField.swift in Sources */,
				21F1DA29295D9C0E00076D73 /* String+filterWhitespace.swift in Sources */,
			);
			runOnlyForDeploymentPostprocessing = 0;
		};
		2150C84B295972E2006CD7D2 /* Sources */ = {
			isa = PBXSourcesBuildPhase;
			buildActionMask = 2147483647;
			files = (
			);
			runOnlyForDeploymentPostprocessing = 0;
		};
		2150C855295972E2006CD7D2 /* Sources */ = {
			isa = PBXSourcesBuildPhase;
			buildActionMask = 2147483647;
			files = (
				2150C85E295972E2006CD7D2 /* IssueTrackerUITests.swift in Sources */,
				2150C860295972E2006CD7D2 /* IssueTrackerUITestsLaunchTests.swift in Sources */,
			);
			runOnlyForDeploymentPostprocessing = 0;
		};
		218A50B42975087F00DF29F5 /* Sources */ = {
			isa = PBXSourcesBuildPhase;
			buildActionMask = 2147483647;
			files = (
				21AFDF2429777A3C00847889 /* Color+rgbComponents.swift in Sources */,
				218A5103297508B900DF29F5 /* Persistence.swift in Sources */,
				218A50FC297508B900DF29F5 /* Issue+Extensions.swift in Sources */,
				218A510A297508BD00DF29F5 /* IssueTracker.xcdatamodeld in Sources */,
				218A5109297508B900DF29F5 /* IssueTrackerApp.swift in Sources */,
				210650E2297BD6CF00E5BCD7 /* CommentView.swift in Sources */,
				21734A9329764F9600EB3942 /* IssueDetail.swift in Sources */,
				21AFDF2D2977CB5100847889 /* SFSymbol.swift in Sources */,
				21CEAAC2297D4EC500A7A344 /* EditIssueView.swift in Sources */,
				21AFDF2729777BD000847889 /* TagSearchView.swift in Sources */,
				21734A8F29764E4E00EB3942 /* ProjectListView.swift in Sources */,
				218A5102297508B900DF29F5 /* Color+Extensions.swift in Sources */,
				218E60C629822A7800A9C4AB /* IssueTrackerSettingsViewModel.swift in Sources */,
				2154B59D297F85910040FE69 /* IssueRow.swift in Sources */,
				218A50FE297508B900DF29F5 /* Project+Extensions.swift in Sources */,
				2154B59F297F88340040FE69 /* View+secondaryFootnote.swift in Sources */,
				213EDD992980DA7C00012198 /* IssueTrackerSettings.swift in Sources */,
				21734A8D29764D8400EB3942 /* AddProjectView.swift in Sources */,
				21734A9129764F0700EB3942 /* AddIssueView.swift in Sources */,
				218A50FF297508B900DF29F5 /* Tag+Extensions.swift in Sources */,
				218E60C8298245BA00A9C4AB /* FilterIssuesList.swift in Sources */,
				218A50F1297508B900DF29F5 /* String+filterWhitespace.swift in Sources */,
				21734A9529764FFB00EB3942 /* IssuesListView.swift in Sources */,
				218A5108297508B900DF29F5 /* Comment+Extensions.swift in Sources */,
				210650E0297BD46C00E5BCD7 /* TextStyles.swift in Sources */,
				218A50BD2975088000DF29F5 /* ContentView.swift in Sources */,
				213EDD9B29814C9A00012198 /* TagTableColumn.swift in Sources */,
				21AFDF2A29777F7F00847889 /* TagFilterView.swift in Sources */,
			);
			runOnlyForDeploymentPostprocessing = 0;
		};
		218A50C42975088200DF29F5 /* Sources */ = {
			isa = PBXSourcesBuildPhase;
			buildActionMask = 2147483647;
			files = (
				218A50CD2975088200DF29F5 /* MacIssueTrackerTests.swift in Sources */,
			);
			runOnlyForDeploymentPostprocessing = 0;
		};
		218A50CE2975088200DF29F5 /* Sources */ = {
			isa = PBXSourcesBuildPhase;
			buildActionMask = 2147483647;
			files = (
				218A50D72975088300DF29F5 /* MacIssueTrackerUITests.swift in Sources */,
				218A50D92975088300DF29F5 /* MacIssueTrackerUITestsLaunchTests.swift in Sources */,
			);
			runOnlyForDeploymentPostprocessing = 0;
		};
/* End PBXSourcesBuildPhase section */

/* Begin PBXTargetDependency section */
		2150C851295972E2006CD7D2 /* PBXTargetDependency */ = {
			isa = PBXTargetDependency;
			target = 2150C839295972E0006CD7D2 /* IssueTracker */;
			targetProxy = 2150C850295972E2006CD7D2 /* PBXContainerItemProxy */;
		};
		2150C85B295972E2006CD7D2 /* PBXTargetDependency */ = {
			isa = PBXTargetDependency;
			target = 2150C839295972E0006CD7D2 /* IssueTracker */;
			targetProxy = 2150C85A295972E2006CD7D2 /* PBXContainerItemProxy */;
		};
		218A50CA2975088200DF29F5 /* PBXTargetDependency */ = {
			isa = PBXTargetDependency;
			target = 218A50B72975087F00DF29F5 /* MacIssueTracker */;
			targetProxy = 218A50C92975088200DF29F5 /* PBXContainerItemProxy */;
		};
		218A50D42975088300DF29F5 /* PBXTargetDependency */ = {
			isa = PBXTargetDependency;
			target = 218A50B72975087F00DF29F5 /* MacIssueTracker */;
			targetProxy = 218A50D32975088300DF29F5 /* PBXContainerItemProxy */;
		};
/* End PBXTargetDependency section */

/* Begin XCBuildConfiguration section */
		2150C861295972E2006CD7D2 /* Debug */ = {
			isa = XCBuildConfiguration;
			buildSettings = {
				ALWAYS_SEARCH_USER_PATHS = NO;
				CLANG_ANALYZER_NONNULL = YES;
				CLANG_ANALYZER_NUMBER_OBJECT_CONVERSION = YES_AGGRESSIVE;
				CLANG_CXX_LANGUAGE_STANDARD = "gnu++20";
				CLANG_ENABLE_MODULES = YES;
				CLANG_ENABLE_OBJC_ARC = YES;
				CLANG_ENABLE_OBJC_WEAK = YES;
				CLANG_WARN_BLOCK_CAPTURE_AUTORELEASING = YES;
				CLANG_WARN_BOOL_CONVERSION = YES;
				CLANG_WARN_COMMA = YES;
				CLANG_WARN_CONSTANT_CONVERSION = YES;
				CLANG_WARN_DEPRECATED_OBJC_IMPLEMENTATIONS = YES;
				CLANG_WARN_DIRECT_OBJC_ISA_USAGE = YES_ERROR;
				CLANG_WARN_DOCUMENTATION_COMMENTS = YES;
				CLANG_WARN_EMPTY_BODY = YES;
				CLANG_WARN_ENUM_CONVERSION = YES;
				CLANG_WARN_INFINITE_RECURSION = YES;
				CLANG_WARN_INT_CONVERSION = YES;
				CLANG_WARN_NON_LITERAL_NULL_CONVERSION = YES;
				CLANG_WARN_OBJC_IMPLICIT_RETAIN_SELF = YES;
				CLANG_WARN_OBJC_LITERAL_CONVERSION = YES;
				CLANG_WARN_OBJC_ROOT_CLASS = YES_ERROR;
				CLANG_WARN_QUOTED_INCLUDE_IN_FRAMEWORK_HEADER = YES;
				CLANG_WARN_RANGE_LOOP_ANALYSIS = YES;
				CLANG_WARN_STRICT_PROTOTYPES = YES;
				CLANG_WARN_SUSPICIOUS_MOVE = YES;
				CLANG_WARN_UNGUARDED_AVAILABILITY = YES_AGGRESSIVE;
				CLANG_WARN_UNREACHABLE_CODE = YES;
				CLANG_WARN__DUPLICATE_METHOD_MATCH = YES;
				COPY_PHASE_STRIP = NO;
				DEBUG_INFORMATION_FORMAT = dwarf;
				ENABLE_STRICT_OBJC_MSGSEND = YES;
				ENABLE_TESTABILITY = YES;
				GCC_C_LANGUAGE_STANDARD = gnu11;
				GCC_DYNAMIC_NO_PIC = NO;
				GCC_NO_COMMON_BLOCKS = YES;
				GCC_OPTIMIZATION_LEVEL = 0;
				GCC_PREPROCESSOR_DEFINITIONS = (
					"DEBUG=1",
					"$(inherited)",
				);
				GCC_WARN_64_TO_32_BIT_CONVERSION = YES;
				GCC_WARN_ABOUT_RETURN_TYPE = YES_ERROR;
				GCC_WARN_UNDECLARED_SELECTOR = YES;
				GCC_WARN_UNINITIALIZED_AUTOS = YES_AGGRESSIVE;
				GCC_WARN_UNUSED_FUNCTION = YES;
				GCC_WARN_UNUSED_VARIABLE = YES;
				IPHONEOS_DEPLOYMENT_TARGET = 16.2;
				MTL_ENABLE_DEBUG_INFO = INCLUDE_SOURCE;
				MTL_FAST_MATH = YES;
				ONLY_ACTIVE_ARCH = YES;
				SDKROOT = iphoneos;
				SWIFT_ACTIVE_COMPILATION_CONDITIONS = DEBUG;
				SWIFT_OPTIMIZATION_LEVEL = "-Onone";
			};
			name = Debug;
		};
		2150C862295972E2006CD7D2 /* Release */ = {
			isa = XCBuildConfiguration;
			buildSettings = {
				ALWAYS_SEARCH_USER_PATHS = NO;
				CLANG_ANALYZER_NONNULL = YES;
				CLANG_ANALYZER_NUMBER_OBJECT_CONVERSION = YES_AGGRESSIVE;
				CLANG_CXX_LANGUAGE_STANDARD = "gnu++20";
				CLANG_ENABLE_MODULES = YES;
				CLANG_ENABLE_OBJC_ARC = YES;
				CLANG_ENABLE_OBJC_WEAK = YES;
				CLANG_WARN_BLOCK_CAPTURE_AUTORELEASING = YES;
				CLANG_WARN_BOOL_CONVERSION = YES;
				CLANG_WARN_COMMA = YES;
				CLANG_WARN_CONSTANT_CONVERSION = YES;
				CLANG_WARN_DEPRECATED_OBJC_IMPLEMENTATIONS = YES;
				CLANG_WARN_DIRECT_OBJC_ISA_USAGE = YES_ERROR;
				CLANG_WARN_DOCUMENTATION_COMMENTS = YES;
				CLANG_WARN_EMPTY_BODY = YES;
				CLANG_WARN_ENUM_CONVERSION = YES;
				CLANG_WARN_INFINITE_RECURSION = YES;
				CLANG_WARN_INT_CONVERSION = YES;
				CLANG_WARN_NON_LITERAL_NULL_CONVERSION = YES;
				CLANG_WARN_OBJC_IMPLICIT_RETAIN_SELF = YES;
				CLANG_WARN_OBJC_LITERAL_CONVERSION = YES;
				CLANG_WARN_OBJC_ROOT_CLASS = YES_ERROR;
				CLANG_WARN_QUOTED_INCLUDE_IN_FRAMEWORK_HEADER = YES;
				CLANG_WARN_RANGE_LOOP_ANALYSIS = YES;
				CLANG_WARN_STRICT_PROTOTYPES = YES;
				CLANG_WARN_SUSPICIOUS_MOVE = YES;
				CLANG_WARN_UNGUARDED_AVAILABILITY = YES_AGGRESSIVE;
				CLANG_WARN_UNREACHABLE_CODE = YES;
				CLANG_WARN__DUPLICATE_METHOD_MATCH = YES;
				COPY_PHASE_STRIP = NO;
				DEBUG_INFORMATION_FORMAT = "dwarf-with-dsym";
				ENABLE_NS_ASSERTIONS = NO;
				ENABLE_STRICT_OBJC_MSGSEND = YES;
				GCC_C_LANGUAGE_STANDARD = gnu11;
				GCC_NO_COMMON_BLOCKS = YES;
				GCC_WARN_64_TO_32_BIT_CONVERSION = YES;
				GCC_WARN_ABOUT_RETURN_TYPE = YES_ERROR;
				GCC_WARN_UNDECLARED_SELECTOR = YES;
				GCC_WARN_UNINITIALIZED_AUTOS = YES_AGGRESSIVE;
				GCC_WARN_UNUSED_FUNCTION = YES;
				GCC_WARN_UNUSED_VARIABLE = YES;
				IPHONEOS_DEPLOYMENT_TARGET = 16.2;
				MTL_ENABLE_DEBUG_INFO = NO;
				MTL_FAST_MATH = YES;
				SDKROOT = iphoneos;
				SWIFT_COMPILATION_MODE = wholemodule;
				SWIFT_OPTIMIZATION_LEVEL = "-O";
				VALIDATE_PRODUCT = YES;
			};
			name = Release;
		};
		2150C864295972E2006CD7D2 /* Debug */ = {
			isa = XCBuildConfiguration;
			buildSettings = {
				ASSETCATALOG_COMPILER_APPICON_NAME = AppIcon;
				ASSETCATALOG_COMPILER_GLOBAL_ACCENT_COLOR_NAME = AccentColor;
				CODE_SIGN_ENTITLEMENTS = IssueTracker/IssueTracker.entitlements;
				CODE_SIGN_STYLE = Automatic;
				CURRENT_PROJECT_VERSION = 1;
				DEVELOPMENT_ASSET_PATHS = "IssueTracker/Preview\\ Content";
				DEVELOPMENT_TEAM = SVNZBC4323;
				ENABLE_PREVIEWS = YES;
				GENERATE_INFOPLIST_FILE = YES;
				INFOPLIST_FILE = IssueTracker/Info.plist;
				INFOPLIST_KEY_LSApplicationCategoryType = "";
				INFOPLIST_KEY_NSMicrophoneUsageDescription = "App requires this permission to allow you to record voice notes for issue comments";
				INFOPLIST_KEY_NSPhotoLibraryUsageDescription = "App needs permission to let you attach photos to comments.";
				INFOPLIST_KEY_UIApplicationSceneManifest_Generation = YES;
				INFOPLIST_KEY_UIApplicationSupportsIndirectInputEvents = YES;
				INFOPLIST_KEY_UILaunchScreen_Generation = YES;
				INFOPLIST_KEY_UISupportedInterfaceOrientations_iPad = "UIInterfaceOrientationPortrait UIInterfaceOrientationPortraitUpsideDown UIInterfaceOrientationLandscapeLeft UIInterfaceOrientationLandscapeRight";
				INFOPLIST_KEY_UISupportedInterfaceOrientations_iPhone = "UIInterfaceOrientationPortrait UIInterfaceOrientationLandscapeLeft UIInterfaceOrientationLandscapeRight";
				LD_RUNPATH_SEARCH_PATHS = (
					"$(inherited)",
					"@executable_path/Frameworks",
				);
				MARKETING_VERSION = 1.0;
				PRODUCT_BUNDLE_IDENTIFIER = com.gmail.tusatino.IssueTracker;
				PRODUCT_NAME = "$(TARGET_NAME)";
				SWIFT_EMIT_LOC_STRINGS = YES;
				SWIFT_VERSION = 5.0;
				TARGETED_DEVICE_FAMILY = "1,2";
			};
			name = Debug;
		};
		2150C865295972E2006CD7D2 /* Release */ = {
			isa = XCBuildConfiguration;
			buildSettings = {
				ASSETCATALOG_COMPILER_APPICON_NAME = AppIcon;
				ASSETCATALOG_COMPILER_GLOBAL_ACCENT_COLOR_NAME = AccentColor;
				CODE_SIGN_ENTITLEMENTS = IssueTracker/IssueTracker.entitlements;
				CODE_SIGN_STYLE = Automatic;
				CURRENT_PROJECT_VERSION = 1;
				DEVELOPMENT_ASSET_PATHS = "IssueTracker/Preview\\ Content";
				DEVELOPMENT_TEAM = SVNZBC4323;
				ENABLE_PREVIEWS = YES;
				GENERATE_INFOPLIST_FILE = YES;
				INFOPLIST_FILE = IssueTracker/Info.plist;
				INFOPLIST_KEY_LSApplicationCategoryType = "";
				INFOPLIST_KEY_NSMicrophoneUsageDescription = "App requires this permission to allow you to record voice notes for issue comments";
				INFOPLIST_KEY_NSPhotoLibraryUsageDescription = "App needs permission to let you attach photos to comments.";
				INFOPLIST_KEY_UIApplicationSceneManifest_Generation = YES;
				INFOPLIST_KEY_UIApplicationSupportsIndirectInputEvents = YES;
				INFOPLIST_KEY_UILaunchScreen_Generation = YES;
				INFOPLIST_KEY_UISupportedInterfaceOrientations_iPad = "UIInterfaceOrientationPortrait UIInterfaceOrientationPortraitUpsideDown UIInterfaceOrientationLandscapeLeft UIInterfaceOrientationLandscapeRight";
				INFOPLIST_KEY_UISupportedInterfaceOrientations_iPhone = "UIInterfaceOrientationPortrait UIInterfaceOrientationLandscapeLeft UIInterfaceOrientationLandscapeRight";
				LD_RUNPATH_SEARCH_PATHS = (
					"$(inherited)",
					"@executable_path/Frameworks",
				);
				MARKETING_VERSION = 1.0;
				PRODUCT_BUNDLE_IDENTIFIER = com.gmail.tusatino.IssueTracker;
				PRODUCT_NAME = "$(TARGET_NAME)";
				SWIFT_EMIT_LOC_STRINGS = YES;
				SWIFT_VERSION = 5.0;
				TARGETED_DEVICE_FAMILY = "1,2";
			};
			name = Release;
		};
		2150C867295972E2006CD7D2 /* Debug */ = {
			isa = XCBuildConfiguration;
			buildSettings = {
				ALWAYS_EMBED_SWIFT_STANDARD_LIBRARIES = YES;
				BUNDLE_LOADER = "$(TEST_HOST)";
				CODE_SIGN_STYLE = Automatic;
				CURRENT_PROJECT_VERSION = 1;
				DEVELOPMENT_TEAM = SVNZBC4323;
				GENERATE_INFOPLIST_FILE = YES;
				IPHONEOS_DEPLOYMENT_TARGET = 16.2;
				MARKETING_VERSION = 1.0;
				PRODUCT_BUNDLE_IDENTIFIER = com.gmail.tusatino.IssueTrackerTests;
				PRODUCT_NAME = "$(TARGET_NAME)";
				SWIFT_EMIT_LOC_STRINGS = NO;
				SWIFT_VERSION = 5.0;
				TARGETED_DEVICE_FAMILY = "1,2";
				TEST_HOST = "$(BUILT_PRODUCTS_DIR)/IssueTracker.app/$(BUNDLE_EXECUTABLE_FOLDER_PATH)/IssueTracker";
			};
			name = Debug;
		};
		2150C868295972E2006CD7D2 /* Release */ = {
			isa = XCBuildConfiguration;
			buildSettings = {
				ALWAYS_EMBED_SWIFT_STANDARD_LIBRARIES = YES;
				BUNDLE_LOADER = "$(TEST_HOST)";
				CODE_SIGN_STYLE = Automatic;
				CURRENT_PROJECT_VERSION = 1;
				DEVELOPMENT_TEAM = SVNZBC4323;
				GENERATE_INFOPLIST_FILE = YES;
				IPHONEOS_DEPLOYMENT_TARGET = 16.2;
				MARKETING_VERSION = 1.0;
				PRODUCT_BUNDLE_IDENTIFIER = com.gmail.tusatino.IssueTrackerTests;
				PRODUCT_NAME = "$(TARGET_NAME)";
				SWIFT_EMIT_LOC_STRINGS = NO;
				SWIFT_VERSION = 5.0;
				TARGETED_DEVICE_FAMILY = "1,2";
				TEST_HOST = "$(BUILT_PRODUCTS_DIR)/IssueTracker.app/$(BUNDLE_EXECUTABLE_FOLDER_PATH)/IssueTracker";
			};
			name = Release;
		};
		2150C86A295972E2006CD7D2 /* Debug */ = {
			isa = XCBuildConfiguration;
			buildSettings = {
				ALWAYS_EMBED_SWIFT_STANDARD_LIBRARIES = YES;
				CODE_SIGN_STYLE = Automatic;
				CURRENT_PROJECT_VERSION = 1;
				DEVELOPMENT_TEAM = SVNZBC4323;
				GENERATE_INFOPLIST_FILE = YES;
				MARKETING_VERSION = 1.0;
				PRODUCT_BUNDLE_IDENTIFIER = com.gmail.tusatino.IssueTrackerUITests;
				PRODUCT_NAME = "$(TARGET_NAME)";
				SWIFT_EMIT_LOC_STRINGS = NO;
				SWIFT_VERSION = 5.0;
				TARGETED_DEVICE_FAMILY = "1,2";
				TEST_TARGET_NAME = IssueTracker;
			};
			name = Debug;
		};
		2150C86B295972E2006CD7D2 /* Release */ = {
			isa = XCBuildConfiguration;
			buildSettings = {
				ALWAYS_EMBED_SWIFT_STANDARD_LIBRARIES = YES;
				CODE_SIGN_STYLE = Automatic;
				CURRENT_PROJECT_VERSION = 1;
				DEVELOPMENT_TEAM = SVNZBC4323;
				GENERATE_INFOPLIST_FILE = YES;
				MARKETING_VERSION = 1.0;
				PRODUCT_BUNDLE_IDENTIFIER = com.gmail.tusatino.IssueTrackerUITests;
				PRODUCT_NAME = "$(TARGET_NAME)";
				SWIFT_EMIT_LOC_STRINGS = NO;
				SWIFT_VERSION = 5.0;
				TARGETED_DEVICE_FAMILY = "1,2";
				TEST_TARGET_NAME = IssueTracker;
			};
			name = Release;
		};
		218A50DA2975088300DF29F5 /* Debug */ = {
			isa = XCBuildConfiguration;
			buildSettings = {
				ASSETCATALOG_COMPILER_APPICON_NAME = AppIcon;
				ASSETCATALOG_COMPILER_GLOBAL_ACCENT_COLOR_NAME = AccentColor;
				CODE_SIGN_ENTITLEMENTS = MacIssueTracker/MacIssueTracker.entitlements;
				CODE_SIGN_STYLE = Automatic;
				COMBINE_HIDPI_IMAGES = YES;
				CURRENT_PROJECT_VERSION = 1;
				DEVELOPMENT_ASSET_PATHS = "\"MacIssueTracker/Preview Content\"";
				DEVELOPMENT_TEAM = SVNZBC4323;
				ENABLE_HARDENED_RUNTIME = YES;
				ENABLE_PREVIEWS = YES;
				GENERATE_INFOPLIST_FILE = YES;
				INFOPLIST_KEY_NSHumanReadableCopyright = "";
				LD_RUNPATH_SEARCH_PATHS = (
					"$(inherited)",
					"@executable_path/../Frameworks",
				);
				MACOSX_DEPLOYMENT_TARGET = 12.6;
				MARKETING_VERSION = 1.0;
				PRODUCT_BUNDLE_IDENTIFIER = com.gmail.tusatino.MacIssueTracker;
				PRODUCT_NAME = "$(TARGET_NAME)";
				SDKROOT = macosx;
				SWIFT_EMIT_LOC_STRINGS = YES;
				SWIFT_VERSION = 5.0;
			};
			name = Debug;
		};
		218A50DB2975088300DF29F5 /* Release */ = {
			isa = XCBuildConfiguration;
			buildSettings = {
				ASSETCATALOG_COMPILER_APPICON_NAME = AppIcon;
				ASSETCATALOG_COMPILER_GLOBAL_ACCENT_COLOR_NAME = AccentColor;
				CODE_SIGN_ENTITLEMENTS = MacIssueTracker/MacIssueTracker.entitlements;
				CODE_SIGN_STYLE = Automatic;
				COMBINE_HIDPI_IMAGES = YES;
				CURRENT_PROJECT_VERSION = 1;
				DEVELOPMENT_ASSET_PATHS = "\"MacIssueTracker/Preview Content\"";
				DEVELOPMENT_TEAM = SVNZBC4323;
				ENABLE_HARDENED_RUNTIME = YES;
				ENABLE_PREVIEWS = YES;
				GENERATE_INFOPLIST_FILE = YES;
				INFOPLIST_KEY_NSHumanReadableCopyright = "";
				LD_RUNPATH_SEARCH_PATHS = (
					"$(inherited)",
					"@executable_path/../Frameworks",
				);
				MACOSX_DEPLOYMENT_TARGET = 12.6;
				MARKETING_VERSION = 1.0;
				PRODUCT_BUNDLE_IDENTIFIER = com.gmail.tusatino.MacIssueTracker;
				PRODUCT_NAME = "$(TARGET_NAME)";
				SDKROOT = macosx;
				SWIFT_EMIT_LOC_STRINGS = YES;
				SWIFT_VERSION = 5.0;
			};
			name = Release;
		};
		218A50DC2975088300DF29F5 /* Debug */ = {
			isa = XCBuildConfiguration;
			buildSettings = {
				ALWAYS_EMBED_SWIFT_STANDARD_LIBRARIES = YES;
				BUNDLE_LOADER = "$(TEST_HOST)";
				CODE_SIGN_STYLE = Automatic;
				CURRENT_PROJECT_VERSION = 1;
				DEVELOPMENT_TEAM = SVNZBC4323;
				GENERATE_INFOPLIST_FILE = YES;
				MACOSX_DEPLOYMENT_TARGET = 12.6;
				MARKETING_VERSION = 1.0;
				PRODUCT_BUNDLE_IDENTIFIER = com.gmail.tusatino.MacIssueTrackerTests;
				PRODUCT_NAME = "$(TARGET_NAME)";
				SDKROOT = macosx;
				SWIFT_EMIT_LOC_STRINGS = NO;
				SWIFT_VERSION = 5.0;
				TEST_HOST = "$(BUILT_PRODUCTS_DIR)/MacIssueTracker.app/$(BUNDLE_EXECUTABLE_FOLDER_PATH)/MacIssueTracker";
			};
			name = Debug;
		};
		218A50DD2975088300DF29F5 /* Release */ = {
			isa = XCBuildConfiguration;
			buildSettings = {
				ALWAYS_EMBED_SWIFT_STANDARD_LIBRARIES = YES;
				BUNDLE_LOADER = "$(TEST_HOST)";
				CODE_SIGN_STYLE = Automatic;
				CURRENT_PROJECT_VERSION = 1;
				DEVELOPMENT_TEAM = SVNZBC4323;
				GENERATE_INFOPLIST_FILE = YES;
				MACOSX_DEPLOYMENT_TARGET = 12.6;
				MARKETING_VERSION = 1.0;
				PRODUCT_BUNDLE_IDENTIFIER = com.gmail.tusatino.MacIssueTrackerTests;
				PRODUCT_NAME = "$(TARGET_NAME)";
				SDKROOT = macosx;
				SWIFT_EMIT_LOC_STRINGS = NO;
				SWIFT_VERSION = 5.0;
				TEST_HOST = "$(BUILT_PRODUCTS_DIR)/MacIssueTracker.app/$(BUNDLE_EXECUTABLE_FOLDER_PATH)/MacIssueTracker";
			};
			name = Release;
		};
		218A50DE2975088300DF29F5 /* Debug */ = {
			isa = XCBuildConfiguration;
			buildSettings = {
				ALWAYS_EMBED_SWIFT_STANDARD_LIBRARIES = YES;
				CODE_SIGN_STYLE = Automatic;
				CURRENT_PROJECT_VERSION = 1;
				DEVELOPMENT_TEAM = SVNZBC4323;
				GENERATE_INFOPLIST_FILE = YES;
				MACOSX_DEPLOYMENT_TARGET = 12.6;
				MARKETING_VERSION = 1.0;
				PRODUCT_BUNDLE_IDENTIFIER = com.gmail.tusatino.MacIssueTrackerUITests;
				PRODUCT_NAME = "$(TARGET_NAME)";
				SDKROOT = macosx;
				SWIFT_EMIT_LOC_STRINGS = NO;
				SWIFT_VERSION = 5.0;
				TEST_TARGET_NAME = MacIssueTracker;
			};
			name = Debug;
		};
		218A50DF2975088300DF29F5 /* Release */ = {
			isa = XCBuildConfiguration;
			buildSettings = {
				ALWAYS_EMBED_SWIFT_STANDARD_LIBRARIES = YES;
				CODE_SIGN_STYLE = Automatic;
				CURRENT_PROJECT_VERSION = 1;
				DEVELOPMENT_TEAM = SVNZBC4323;
				GENERATE_INFOPLIST_FILE = YES;
				MACOSX_DEPLOYMENT_TARGET = 12.6;
				MARKETING_VERSION = 1.0;
				PRODUCT_BUNDLE_IDENTIFIER = com.gmail.tusatino.MacIssueTrackerUITests;
				PRODUCT_NAME = "$(TARGET_NAME)";
				SDKROOT = macosx;
				SWIFT_EMIT_LOC_STRINGS = NO;
				SWIFT_VERSION = 5.0;
				TEST_TARGET_NAME = MacIssueTracker;
			};
			name = Release;
		};
/* End XCBuildConfiguration section */

/* Begin XCConfigurationList section */
		2150C835295972E0006CD7D2 /* Build configuration list for PBXProject "IssueTracker" */ = {
			isa = XCConfigurationList;
			buildConfigurations = (
				2150C861295972E2006CD7D2 /* Debug */,
				2150C862295972E2006CD7D2 /* Release */,
			);
			defaultConfigurationIsVisible = 0;
			defaultConfigurationName = Release;
		};
		2150C863295972E2006CD7D2 /* Build configuration list for PBXNativeTarget "IssueTracker" */ = {
			isa = XCConfigurationList;
			buildConfigurations = (
				2150C864295972E2006CD7D2 /* Debug */,
				2150C865295972E2006CD7D2 /* Release */,
			);
			defaultConfigurationIsVisible = 0;
			defaultConfigurationName = Release;
		};
		2150C866295972E2006CD7D2 /* Build configuration list for PBXNativeTarget "IssueTrackerTests" */ = {
			isa = XCConfigurationList;
			buildConfigurations = (
				2150C867295972E2006CD7D2 /* Debug */,
				2150C868295972E2006CD7D2 /* Release */,
			);
			defaultConfigurationIsVisible = 0;
			defaultConfigurationName = Release;
		};
		2150C869295972E2006CD7D2 /* Build configuration list for PBXNativeTarget "IssueTrackerUITests" */ = {
			isa = XCConfigurationList;
			buildConfigurations = (
				2150C86A295972E2006CD7D2 /* Debug */,
				2150C86B295972E2006CD7D2 /* Release */,
			);
			defaultConfigurationIsVisible = 0;
			defaultConfigurationName = Release;
		};
		218A50E02975088300DF29F5 /* Build configuration list for PBXNativeTarget "MacIssueTracker" */ = {
			isa = XCConfigurationList;
			buildConfigurations = (
				218A50DA2975088300DF29F5 /* Debug */,
				218A50DB2975088300DF29F5 /* Release */,
			);
			defaultConfigurationIsVisible = 0;
			defaultConfigurationName = Release;
		};
		218A50E12975088300DF29F5 /* Build configuration list for PBXNativeTarget "MacIssueTrackerTests" */ = {
			isa = XCConfigurationList;
			buildConfigurations = (
				218A50DC2975088300DF29F5 /* Debug */,
				218A50DD2975088300DF29F5 /* Release */,
			);
			defaultConfigurationIsVisible = 0;
			defaultConfigurationName = Release;
		};
		218A50E22975088300DF29F5 /* Build configuration list for PBXNativeTarget "MacIssueTrackerUITests" */ = {
			isa = XCConfigurationList;
			buildConfigurations = (
				218A50DE2975088300DF29F5 /* Debug */,
				218A50DF2975088300DF29F5 /* Release */,
			);
			defaultConfigurationIsVisible = 0;
			defaultConfigurationName = Release;
		};
/* End XCConfigurationList section */

/* Begin XCVersionGroup section */
		2150C848295972E2006CD7D2 /* IssueTracker.xcdatamodeld */ = {
			isa = XCVersionGroup;
			children = (
				2150C849295972E2006CD7D2 /* IssueTracker.xcdatamodel */,
			);
			currentVersion = 2150C849295972E2006CD7D2 /* IssueTracker.xcdatamodel */;
			path = IssueTracker.xcdatamodeld;
			sourceTree = "<group>";
			versionGroupType = wrapper.xcdatamodel;
		};
/* End XCVersionGroup section */
	};
	rootObject = 2150C832295972E0006CD7D2 /* Project object */;
}
