// !$*UTF8*$!
{
	archiveVersion = 1;
	classes = {
	};
	objectVersion = 56;
	objects = {

/* Begin PBXBuildFile section */
		2150C83E295972E0006CD7D2 /* IssueTrackerApp.swift in Sources */ = {isa = PBXBuildFile; fileRef = 2150C83D295972E0006CD7D2 /* IssueTrackerApp.swift */; };
		2150C840295972E0006CD7D2 /* ContentView.swift in Sources */ = {isa = PBXBuildFile; fileRef = 2150C83F295972E0006CD7D2 /* ContentView.swift */; };
		2150C842295972E2006CD7D2 /* Assets.xcassets in Resources */ = {isa = PBXBuildFile; fileRef = 2150C841295972E2006CD7D2 /* Assets.xcassets */; };
		2150C845295972E2006CD7D2 /* Preview Assets.xcassets in Resources */ = {isa = PBXBuildFile; fileRef = 2150C844295972E2006CD7D2 /* Preview Assets.xcassets */; };
		2150C847295972E2006CD7D2 /* Persistence.swift in Sources */ = {isa = PBXBuildFile; fileRef = 2150C846295972E2006CD7D2 /* Persistence.swift */; };
		2150C84A295972E2006CD7D2 /* IssueTracker.xcdatamodeld in Sources */ = {isa = PBXBuildFile; fileRef = 2150C848295972E2006CD7D2 /* IssueTracker.xcdatamodeld */; };
		2150C854295972E2006CD7D2 /* IssueTrackerTests.swift in Sources */ = {isa = PBXBuildFile; fileRef = 2150C853295972E2006CD7D2 /* IssueTrackerTests.swift */; };
		2150C85E295972E2006CD7D2 /* IssueTrackerUITests.swift in Sources */ = {isa = PBXBuildFile; fileRef = 2150C85D295972E2006CD7D2 /* IssueTrackerUITests.swift */; };
		2150C860295972E2006CD7D2 /* IssueTrackerUITestsLaunchTests.swift in Sources */ = {isa = PBXBuildFile; fileRef = 2150C85F295972E2006CD7D2 /* IssueTrackerUITestsLaunchTests.swift */; };
		21E6D29B295BC85700BB4AA6 /* Attachment+CoreDataClass.swift in Sources */ = {isa = PBXBuildFile; fileRef = 21E6D291295BC85700BB4AA6 /* Attachment+CoreDataClass.swift */; };
		21E6D29C295BC85700BB4AA6 /* Attachment+CoreDataProperties.swift in Sources */ = {isa = PBXBuildFile; fileRef = 21E6D292295BC85700BB4AA6 /* Attachment+CoreDataProperties.swift */; };
		21E6D29D295BC85700BB4AA6 /* Comment+CoreDataClass.swift in Sources */ = {isa = PBXBuildFile; fileRef = 21E6D293295BC85700BB4AA6 /* Comment+CoreDataClass.swift */; };
		21E6D29E295BC85700BB4AA6 /* Comment+CoreDataProperties.swift in Sources */ = {isa = PBXBuildFile; fileRef = 21E6D294295BC85700BB4AA6 /* Comment+CoreDataProperties.swift */; };
		21E6D29F295BC85700BB4AA6 /* Issue+CoreDataClass.swift in Sources */ = {isa = PBXBuildFile; fileRef = 21E6D295295BC85700BB4AA6 /* Issue+CoreDataClass.swift */; };
		21E6D2A0295BC85700BB4AA6 /* Issue+CoreDataProperties.swift in Sources */ = {isa = PBXBuildFile; fileRef = 21E6D296295BC85700BB4AA6 /* Issue+CoreDataProperties.swift */; };
		21E6D2A1295BC85700BB4AA6 /* Project+CoreDataClass.swift in Sources */ = {isa = PBXBuildFile; fileRef = 21E6D297295BC85700BB4AA6 /* Project+CoreDataClass.swift */; };
		21E6D2A2295BC85700BB4AA6 /* Project+CoreDataProperties.swift in Sources */ = {isa = PBXBuildFile; fileRef = 21E6D298295BC85700BB4AA6 /* Project+CoreDataProperties.swift */; };
		21E6D2A3295BC85700BB4AA6 /* Tag+CoreDataClass.swift in Sources */ = {isa = PBXBuildFile; fileRef = 21E6D299295BC85700BB4AA6 /* Tag+CoreDataClass.swift */; };
		21E6D2A4295BC85700BB4AA6 /* Tag+CoreDataProperties.swift in Sources */ = {isa = PBXBuildFile; fileRef = 21E6D29A295BC85700BB4AA6 /* Tag+CoreDataProperties.swift */; };
		21E6D2A7295BD4C500BB4AA6 /* TextStyles.swift in Sources */ = {isa = PBXBuildFile; fileRef = 21E6D2A6295BD4C500BB4AA6 /* TextStyles.swift */; };
		21E6D2AB295BD9B500BB4AA6 /* Color+Extensions.swift in Sources */ = {isa = PBXBuildFile; fileRef = 21E6D2AA295BD9B500BB4AA6 /* Color+Extensions.swift */; };
		21E6D2AD295BDFBF00BB4AA6 /* ButtonStyles.swift in Sources */ = {isa = PBXBuildFile; fileRef = 21E6D2AC295BDFBF00BB4AA6 /* ButtonStyles.swift */; };
		21E6D2AF295BEA6800BB4AA6 /* SF-Pro-Text-Light.otf in Resources */ = {isa = PBXBuildFile; fileRef = 21E6D2AE295BEA6800BB4AA6 /* SF-Pro-Text-Light.otf */; };
		21E6D2B3295BF94800BB4AA6 /* HomeView.swift in Sources */ = {isa = PBXBuildFile; fileRef = 21E6D2B2295BF94800BB4AA6 /* HomeView.swift */; };
		21E6D2B6295BF9D900BB4AA6 /* HomeViewModel.swift in Sources */ = {isa = PBXBuildFile; fileRef = 21E6D2B5295BF9D900BB4AA6 /* HomeViewModel.swift */; };
		21E6D2BA295C010400BB4AA6 /* AddProjectViewModel.swift in Sources */ = {isa = PBXBuildFile; fileRef = 21E6D2B9295C010400BB4AA6 /* AddProjectViewModel.swift */; };
		21E6D2BD295C4B8400BB4AA6 /* CustomTextField.swift in Sources */ = {isa = PBXBuildFile; fileRef = 21E6D2BC295C4B8400BB4AA6 /* CustomTextField.swift */; };
		21E6D2BF295C4DD900BB4AA6 /* AddProjectView.swift in Sources */ = {isa = PBXBuildFile; fileRef = 21E6D2BE295C4DD900BB4AA6 /* AddProjectView.swift */; };
		21E6D2C1295C5B4900BB4AA6 /* ProjectRowView.swift in Sources */ = {isa = PBXBuildFile; fileRef = 21E6D2C0295C5B4900BB4AA6 /* ProjectRowView.swift */; };
/* End PBXBuildFile section */

/* Begin PBXContainerItemProxy section */
		2150C850295972E2006CD7D2 /* PBXContainerItemProxy */ = {
			isa = PBXContainerItemProxy;
			containerPortal = 2150C832295972E0006CD7D2 /* Project object */;
			proxyType = 1;
			remoteGlobalIDString = 2150C839295972E0006CD7D2;
			remoteInfo = IssueTracker;
		};
		2150C85A295972E2006CD7D2 /* PBXContainerItemProxy */ = {
			isa = PBXContainerItemProxy;
			containerPortal = 2150C832295972E0006CD7D2 /* Project object */;
			proxyType = 1;
			remoteGlobalIDString = 2150C839295972E0006CD7D2;
			remoteInfo = IssueTracker;
		};
/* End PBXContainerItemProxy section */

/* Begin PBXFileReference section */
		2150C83A295972E0006CD7D2 /* IssueTracker.app */ = {isa = PBXFileReference; explicitFileType = wrapper.application; includeInIndex = 0; path = IssueTracker.app; sourceTree = BUILT_PRODUCTS_DIR; };
		2150C83D295972E0006CD7D2 /* IssueTrackerApp.swift */ = {isa = PBXFileReference; lastKnownFileType = sourcecode.swift; path = IssueTrackerApp.swift; sourceTree = "<group>"; };
		2150C83F295972E0006CD7D2 /* ContentView.swift */ = {isa = PBXFileReference; lastKnownFileType = sourcecode.swift; path = ContentView.swift; sourceTree = "<group>"; };
		2150C841295972E2006CD7D2 /* Assets.xcassets */ = {isa = PBXFileReference; lastKnownFileType = folder.assetcatalog; path = Assets.xcassets; sourceTree = "<group>"; };
		2150C844295972E2006CD7D2 /* Preview Assets.xcassets */ = {isa = PBXFileReference; lastKnownFileType = folder.assetcatalog; path = "Preview Assets.xcassets"; sourceTree = "<group>"; };
		2150C846295972E2006CD7D2 /* Persistence.swift */ = {isa = PBXFileReference; lastKnownFileType = sourcecode.swift; path = Persistence.swift; sourceTree = "<group>"; };
		2150C849295972E2006CD7D2 /* IssueTracker.xcdatamodel */ = {isa = PBXFileReference; lastKnownFileType = wrapper.xcdatamodel; path = IssueTracker.xcdatamodel; sourceTree = "<group>"; };
		2150C84F295972E2006CD7D2 /* IssueTrackerTests.xctest */ = {isa = PBXFileReference; explicitFileType = wrapper.cfbundle; includeInIndex = 0; path = IssueTrackerTests.xctest; sourceTree = BUILT_PRODUCTS_DIR; };
		2150C853295972E2006CD7D2 /* IssueTrackerTests.swift */ = {isa = PBXFileReference; lastKnownFileType = sourcecode.swift; path = IssueTrackerTests.swift; sourceTree = "<group>"; };
		2150C859295972E2006CD7D2 /* IssueTrackerUITests.xctest */ = {isa = PBXFileReference; explicitFileType = wrapper.cfbundle; includeInIndex = 0; path = IssueTrackerUITests.xctest; sourceTree = BUILT_PRODUCTS_DIR; };
		2150C85D295972E2006CD7D2 /* IssueTrackerUITests.swift */ = {isa = PBXFileReference; lastKnownFileType = sourcecode.swift; path = IssueTrackerUITests.swift; sourceTree = "<group>"; };
		2150C85F295972E2006CD7D2 /* IssueTrackerUITestsLaunchTests.swift */ = {isa = PBXFileReference; lastKnownFileType = sourcecode.swift; path = IssueTrackerUITestsLaunchTests.swift; sourceTree = "<group>"; };
		21E6D291295BC85700BB4AA6 /* Attachment+CoreDataClass.swift */ = {isa = PBXFileReference; lastKnownFileType = sourcecode.swift; path = "Attachment+CoreDataClass.swift"; sourceTree = "<group>"; };
		21E6D292295BC85700BB4AA6 /* Attachment+CoreDataProperties.swift */ = {isa = PBXFileReference; lastKnownFileType = sourcecode.swift; path = "Attachment+CoreDataProperties.swift"; sourceTree = "<group>"; };
		21E6D293295BC85700BB4AA6 /* Comment+CoreDataClass.swift */ = {isa = PBXFileReference; lastKnownFileType = sourcecode.swift; path = "Comment+CoreDataClass.swift"; sourceTree = "<group>"; };
		21E6D294295BC85700BB4AA6 /* Comment+CoreDataProperties.swift */ = {isa = PBXFileReference; lastKnownFileType = sourcecode.swift; path = "Comment+CoreDataProperties.swift"; sourceTree = "<group>"; };
		21E6D295295BC85700BB4AA6 /* Issue+CoreDataClass.swift */ = {isa = PBXFileReference; lastKnownFileType = sourcecode.swift; path = "Issue+CoreDataClass.swift"; sourceTree = "<group>"; };
		21E6D296295BC85700BB4AA6 /* Issue+CoreDataProperties.swift */ = {isa = PBXFileReference; lastKnownFileType = sourcecode.swift; path = "Issue+CoreDataProperties.swift"; sourceTree = "<group>"; };
		21E6D297295BC85700BB4AA6 /* Project+CoreDataClass.swift */ = {isa = PBXFileReference; lastKnownFileType = sourcecode.swift; path = "Project+CoreDataClass.swift"; sourceTree = "<group>"; };
		21E6D298295BC85700BB4AA6 /* Project+CoreDataProperties.swift */ = {isa = PBXFileReference; lastKnownFileType = sourcecode.swift; path = "Project+CoreDataProperties.swift"; sourceTree = "<group>"; };
		21E6D299295BC85700BB4AA6 /* Tag+CoreDataClass.swift */ = {isa = PBXFileReference; lastKnownFileType = sourcecode.swift; path = "Tag+CoreDataClass.swift"; sourceTree = "<group>"; };
		21E6D29A295BC85700BB4AA6 /* Tag+CoreDataProperties.swift */ = {isa = PBXFileReference; lastKnownFileType = sourcecode.swift; path = "Tag+CoreDataProperties.swift"; sourceTree = "<group>"; };
		21E6D2A6295BD4C500BB4AA6 /* TextStyles.swift */ = {isa = PBXFileReference; lastKnownFileType = sourcecode.swift; path = TextStyles.swift; sourceTree = "<group>"; };
		21E6D2AA295BD9B500BB4AA6 /* Color+Extensions.swift */ = {isa = PBXFileReference; lastKnownFileType = sourcecode.swift; path = "Color+Extensions.swift"; sourceTree = "<group>"; };
		21E6D2AC295BDFBF00BB4AA6 /* ButtonStyles.swift */ = {isa = PBXFileReference; lastKnownFileType = sourcecode.swift; path = ButtonStyles.swift; sourceTree = "<group>"; };
		21E6D2AE295BEA6800BB4AA6 /* SF-Pro-Text-Light.otf */ = {isa = PBXFileReference; lastKnownFileType = file; path = "SF-Pro-Text-Light.otf"; sourceTree = "<group>"; };
		21E6D2B2295BF94800BB4AA6 /* HomeView.swift */ = {isa = PBXFileReference; lastKnownFileType = sourcecode.swift; path = HomeView.swift; sourceTree = "<group>"; };
		21E6D2B5295BF9D900BB4AA6 /* HomeViewModel.swift */ = {isa = PBXFileReference; lastKnownFileType = sourcecode.swift; path = HomeViewModel.swift; sourceTree = "<group>"; };
		21E6D2B9295C010400BB4AA6 /* AddProjectViewModel.swift */ = {isa = PBXFileReference; lastKnownFileType = sourcecode.swift; path = AddProjectViewModel.swift; sourceTree = "<group>"; };
		21E6D2BC295C4B8400BB4AA6 /* CustomTextField.swift */ = {isa = PBXFileReference; lastKnownFileType = sourcecode.swift; path = CustomTextField.swift; sourceTree = "<group>"; };
		21E6D2BE295C4DD900BB4AA6 /* AddProjectView.swift */ = {isa = PBXFileReference; fileEncoding = 4; lastKnownFileType = sourcecode.swift; path = AddProjectView.swift; sourceTree = "<group>"; };
		21E6D2C0295C5B4900BB4AA6 /* ProjectRowView.swift */ = {isa = PBXFileReference; lastKnownFileType = sourcecode.swift; path = ProjectRowView.swift; sourceTree = "<group>"; };
/* End PBXFileReference section */

/* Begin PBXFrameworksBuildPhase section */
		2150C837295972E0006CD7D2 /* Frameworks */ = {
			isa = PBXFrameworksBuildPhase;
			buildActionMask = 2147483647;
			files = (
			);
			runOnlyForDeploymentPostprocessing = 0;
		};
		2150C84C295972E2006CD7D2 /* Frameworks */ = {
			isa = PBXFrameworksBuildPhase;
			buildActionMask = 2147483647;
			files = (
			);
			runOnlyForDeploymentPostprocessing = 0;
		};
		2150C856295972E2006CD7D2 /* Frameworks */ = {
			isa = PBXFrameworksBuildPhase;
			buildActionMask = 2147483647;
			files = (
			);
			runOnlyForDeploymentPostprocessing = 0;
		};
/* End PBXFrameworksBuildPhase section */

/* Begin PBXGroup section */
		2150C831295972E0006CD7D2 = {
			isa = PBXGroup;
			children = (
				2150C83C295972E0006CD7D2 /* IssueTracker */,
				2150C852295972E2006CD7D2 /* IssueTrackerTests */,
				2150C85C295972E2006CD7D2 /* IssueTrackerUITests */,
				2150C83B295972E0006CD7D2 /* Products */,
			);
			sourceTree = "<group>";
		};
		2150C83B295972E0006CD7D2 /* Products */ = {
			isa = PBXGroup;
			children = (
				2150C83A295972E0006CD7D2 /* IssueTracker.app */,
				2150C84F295972E2006CD7D2 /* IssueTrackerTests.xctest */,
				2150C859295972E2006CD7D2 /* IssueTrackerUITests.xctest */,
			);
			name = Products;
			sourceTree = "<group>";
		};
		2150C83C295972E0006CD7D2 /* IssueTracker */ = {
			isa = PBXGroup;
			children = (
				21E6D2B4295BF9CF00BB4AA6 /* View models */,
				21E6D2B1295BF89700BB4AA6 /* Views */,
				21E6D2A9295BD9A800BB4AA6 /* Extensions */,
				21E6D2A8295BD8BC00BB4AA6 /* Resources */,
				21E6D2A5295BD4B800BB4AA6 /* Styles */,
				21E6D290295BC82900BB4AA6 /* CoreData Entities */,
				2150C83D295972E0006CD7D2 /* IssueTrackerApp.swift */,
				2150C841295972E2006CD7D2 /* Assets.xcassets */,
				2150C846295972E2006CD7D2 /* Persistence.swift */,
				2150C848295972E2006CD7D2 /* IssueTracker.xcdatamodeld */,
				2150C843295972E2006CD7D2 /* Preview Content */,
			);
			path = IssueTracker;
			sourceTree = "<group>";
		};
		2150C843295972E2006CD7D2 /* Preview Content */ = {
			isa = PBXGroup;
			children = (
				2150C844295972E2006CD7D2 /* Preview Assets.xcassets */,
			);
			path = "Preview Content";
			sourceTree = "<group>";
		};
		2150C852295972E2006CD7D2 /* IssueTrackerTests */ = {
			isa = PBXGroup;
			children = (
				2150C853295972E2006CD7D2 /* IssueTrackerTests.swift */,
			);
			path = IssueTrackerTests;
			sourceTree = "<group>";
		};
		2150C85C295972E2006CD7D2 /* IssueTrackerUITests */ = {
			isa = PBXGroup;
			children = (
				2150C85D295972E2006CD7D2 /* IssueTrackerUITests.swift */,
				2150C85F295972E2006CD7D2 /* IssueTrackerUITestsLaunchTests.swift */,
			);
			path = IssueTrackerUITests;
			sourceTree = "<group>";
		};
		21E6D290295BC82900BB4AA6 /* CoreData Entities */ = {
			isa = PBXGroup;
			children = (
				21E6D291295BC85700BB4AA6 /* Attachment+CoreDataClass.swift */,
				21E6D292295BC85700BB4AA6 /* Attachment+CoreDataProperties.swift */,
				21E6D293295BC85700BB4AA6 /* Comment+CoreDataClass.swift */,
				21E6D294295BC85700BB4AA6 /* Comment+CoreDataProperties.swift */,
				21E6D295295BC85700BB4AA6 /* Issue+CoreDataClass.swift */,
				21E6D296295BC85700BB4AA6 /* Issue+CoreDataProperties.swift */,
				21E6D297295BC85700BB4AA6 /* Project+CoreDataClass.swift */,
				21E6D298295BC85700BB4AA6 /* Project+CoreDataProperties.swift */,
				21E6D299295BC85700BB4AA6 /* Tag+CoreDataClass.swift */,
				21E6D29A295BC85700BB4AA6 /* Tag+CoreDataProperties.swift */,
			);
			path = "CoreData Entities";
			sourceTree = "<group>";
		};
		21E6D2A5295BD4B800BB4AA6 /* Styles */ = {
			isa = PBXGroup;
			children = (
				21E6D2A6295BD4C500BB4AA6 /* TextStyles.swift */,
				21E6D2AC295BDFBF00BB4AA6 /* ButtonStyles.swift */,
			);
			path = Styles;
			sourceTree = "<group>";
		};
		21E6D2A8295BD8BC00BB4AA6 /* Resources */ = {
			isa = PBXGroup;
			children = (
				21E6D2AE295BEA6800BB4AA6 /* SF-Pro-Text-Light.otf */,
			);
			path = Resources;
			sourceTree = "<group>";
		};
		21E6D2A9295BD9A800BB4AA6 /* Extensions */ = {
			isa = PBXGroup;
			children = (
				21E6D2AA295BD9B500BB4AA6 /* Color+Extensions.swift */,
			);
			path = Extensions;
			sourceTree = "<group>";
		};
		21E6D2B1295BF89700BB4AA6 /* Views */ = {
			isa = PBXGroup;
			children = (
				21E6D2BB295C4B7900BB4AA6 /* Components */,
				2150C83F295972E0006CD7D2 /* ContentView.swift */,
				21E6D2B2295BF94800BB4AA6 /* HomeView.swift */,
				21E6D2BE295C4DD900BB4AA6 /* AddProjectView.swift */,
			);
			path = Views;
			sourceTree = "<group>";
		};
		21E6D2B4295BF9CF00BB4AA6 /* View models */ = {
			isa = PBXGroup;
			children = (
				21E6D2B5295BF9D900BB4AA6 /* HomeViewModel.swift */,
				21E6D2B9295C010400BB4AA6 /* AddProjectViewModel.swift */,
			);
			path = "View models";
			sourceTree = "<group>";
		};
		21E6D2BB295C4B7900BB4AA6 /* Components */ = {
			isa = PBXGroup;
			children = (
				21E6D2BC295C4B8400BB4AA6 /* CustomTextField.swift */,
				21E6D2C0295C5B4900BB4AA6 /* ProjectRowView.swift */,
			);
			path = Components;
			sourceTree = "<group>";
		};
/* End PBXGroup section */

/* Begin PBXNativeTarget section */
		2150C839295972E0006CD7D2 /* IssueTracker */ = {
			isa = PBXNativeTarget;
			buildConfigurationList = 2150C863295972E2006CD7D2 /* Build configuration list for PBXNativeTarget "IssueTracker" */;
			buildPhases = (
				2150C836295972E0006CD7D2 /* Sources */,
				2150C837295972E0006CD7D2 /* Frameworks */,
				2150C838295972E0006CD7D2 /* Resources */,
			);
			buildRules = (
			);
			dependencies = (
			);
			name = IssueTracker;
			productName = IssueTracker;
			productReference = 2150C83A295972E0006CD7D2 /* IssueTracker.app */;
			productType = "com.apple.product-type.application";
		};
		2150C84E295972E2006CD7D2 /* IssueTrackerTests */ = {
			isa = PBXNativeTarget;
			buildConfigurationList = 2150C866295972E2006CD7D2 /* Build configuration list for PBXNativeTarget "IssueTrackerTests" */;
			buildPhases = (
				2150C84B295972E2006CD7D2 /* Sources */,
				2150C84C295972E2006CD7D2 /* Frameworks */,
				2150C84D295972E2006CD7D2 /* Resources */,
			);
			buildRules = (
			);
			dependencies = (
				2150C851295972E2006CD7D2 /* PBXTargetDependency */,
			);
			name = IssueTrackerTests;
			productName = IssueTrackerTests;
			productReference = 2150C84F295972E2006CD7D2 /* IssueTrackerTests.xctest */;
			productType = "com.apple.product-type.bundle.unit-test";
		};
		2150C858295972E2006CD7D2 /* IssueTrackerUITests */ = {
			isa = PBXNativeTarget;
			buildConfigurationList = 2150C869295972E2006CD7D2 /* Build configuration list for PBXNativeTarget "IssueTrackerUITests" */;
			buildPhases = (
				2150C855295972E2006CD7D2 /* Sources */,
				2150C856295972E2006CD7D2 /* Frameworks */,
				2150C857295972E2006CD7D2 /* Resources */,
			);
			buildRules = (
			);
			dependencies = (
				2150C85B295972E2006CD7D2 /* PBXTargetDependency */,
			);
			name = IssueTrackerUITests;
			productName = IssueTrackerUITests;
			productReference = 2150C859295972E2006CD7D2 /* IssueTrackerUITests.xctest */;
			productType = "com.apple.product-type.bundle.ui-testing";
		};
/* End PBXNativeTarget section */

/* Begin PBXProject section */
		2150C832295972E0006CD7D2 /* Project object */ = {
			isa = PBXProject;
			attributes = {
				BuildIndependentTargetsInParallel = 1;
				LastSwiftUpdateCheck = 1420;
				LastUpgradeCheck = 1420;
				TargetAttributes = {
					2150C839295972E0006CD7D2 = {
						CreatedOnToolsVersion = 14.2;
					};
					2150C84E295972E2006CD7D2 = {
						CreatedOnToolsVersion = 14.2;
						TestTargetID = 2150C839295972E0006CD7D2;
					};
					2150C858295972E2006CD7D2 = {
						CreatedOnToolsVersion = 14.2;
						TestTargetID = 2150C839295972E0006CD7D2;
					};
				};
			};
			buildConfigurationList = 2150C835295972E0006CD7D2 /* Build configuration list for PBXProject "IssueTracker" */;
			compatibilityVersion = "Xcode 14.0";
			developmentRegion = en;
			hasScannedForEncodings = 0;
			knownRegions = (
				en,
				Base,
			);
			mainGroup = 2150C831295972E0006CD7D2;
			productRefGroup = 2150C83B295972E0006CD7D2 /* Products */;
			projectDirPath = "";
			projectRoot = "";
			targets = (
				2150C839295972E0006CD7D2 /* IssueTracker */,
				2150C84E295972E2006CD7D2 /* IssueTrackerTests */,
				2150C858295972E2006CD7D2 /* IssueTrackerUITests */,
			);
		};
/* End PBXProject section */

/* Begin PBXResourcesBuildPhase section */
		2150C838295972E0006CD7D2 /* Resources */ = {
			isa = PBXResourcesBuildPhase;
			buildActionMask = 2147483647;
			files = (
				2150C845295972E2006CD7D2 /* Preview Assets.xcassets in Resources */,
				2150C842295972E2006CD7D2 /* Assets.xcassets in Resources */,
				21E6D2AF295BEA6800BB4AA6 /* SF-Pro-Text-Light.otf in Resources */,
			);
			runOnlyForDeploymentPostprocessing = 0;
		};
		2150C84D295972E2006CD7D2 /* Resources */ = {
			isa = PBXResourcesBuildPhase;
			buildActionMask = 2147483647;
			files = (
			);
			runOnlyForDeploymentPostprocessing = 0;
		};
		2150C857295972E2006CD7D2 /* Resources */ = {
			isa = PBXResourcesBuildPhase;
			buildActionMask = 2147483647;
			files = (
			);
			runOnlyForDeploymentPostprocessing = 0;
		};
/* End PBXResourcesBuildPhase section */

/* Begin PBXSourcesBuildPhase section */
		2150C836295972E0006CD7D2 /* Sources */ = {
			isa = PBXSourcesBuildPhase;
			buildActionMask = 2147483647;
			files = (
				21E6D2BA295C010400BB4AA6 /* AddProjectViewModel.swift in Sources */,
				21E6D2B6295BF9D900BB4AA6 /* HomeViewModel.swift in Sources */,
				21E6D29C295BC85700BB4AA6 /* Attachment+CoreDataProperties.swift in Sources */,
				21E6D2A0295BC85700BB4AA6 /* Issue+CoreDataProperties.swift in Sources */,
				21E6D29F295BC85700BB4AA6 /* Issue+CoreDataClass.swift in Sources */,
				2150C847295972E2006CD7D2 /* Persistence.swift in Sources */,
				21E6D2A4295BC85700BB4AA6 /* Tag+CoreDataProperties.swift in Sources */,
				21E6D29E295BC85700BB4AA6 /* Comment+CoreDataProperties.swift in Sources */,
				2150C840295972E0006CD7D2 /* ContentView.swift in Sources */,
				2150C84A295972E2006CD7D2 /* IssueTracker.xcdatamodeld in Sources */,
				2150C83E295972E0006CD7D2 /* IssueTrackerApp.swift in Sources */,
				21E6D2BD295C4B8400BB4AA6 /* CustomTextField.swift in Sources */,
				21E6D2B3295BF94800BB4AA6 /* HomeView.swift in Sources */,
				21E6D2AD295BDFBF00BB4AA6 /* ButtonStyles.swift in Sources */,
				21E6D2BF295C4DD900BB4AA6 /* AddProjectView.swift in Sources */,
				21E6D2A3295BC85700BB4AA6 /* Tag+CoreDataClass.swift in Sources */,
				21E6D29D295BC85700BB4AA6 /* Comment+CoreDataClass.swift in Sources */,
				21E6D2C1295C5B4900BB4AA6 /* ProjectRowView.swift in Sources */,
				21E6D2AB295BD9B500BB4AA6 /* Color+Extensions.swift in Sources */,
				21E6D2A1295BC85700BB4AA6 /* Project+CoreDataClass.swift in Sources */,
				21E6D2A7295BD4C500BB4AA6 /* TextStyles.swift in Sources */,
				21E6D2A2295BC85700BB4AA6 /* Project+CoreDataProperties.swift in Sources */,
				21E6D29B295BC85700BB4AA6 /* Attachment+CoreDataClass.swift in Sources */,
			);
			runOnlyForDeploymentPostprocessing = 0;
		};
		2150C84B295972E2006CD7D2 /* Sources */ = {
			isa = PBXSourcesBuildPhase;
			buildActionMask = 2147483647;
			files = (
				2150C854295972E2006CD7D2 /* IssueTrackerTests.swift in Sources */,
			);
			runOnlyForDeploymentPostprocessing = 0;
		};
		2150C855295972E2006CD7D2 /* Sources */ = {
			isa = PBXSourcesBuildPhase;
			buildActionMask = 2147483647;
			files = (
				2150C85E295972E2006CD7D2 /* IssueTrackerUITests.swift in Sources */,
				2150C860295972E2006CD7D2 /* IssueTrackerUITestsLaunchTests.swift in Sources */,
			);
			runOnlyForDeploymentPostprocessing = 0;
		};
/* End PBXSourcesBuildPhase section */

/* Begin PBXTargetDependency section */
		2150C851295972E2006CD7D2 /* PBXTargetDependency */ = {
			isa = PBXTargetDependency;
			target = 2150C839295972E0006CD7D2 /* IssueTracker */;
			targetProxy = 2150C850295972E2006CD7D2 /* PBXContainerItemProxy */;
		};
		2150C85B295972E2006CD7D2 /* PBXTargetDependency */ = {
			isa = PBXTargetDependency;
			target = 2150C839295972E0006CD7D2 /* IssueTracker */;
			targetProxy = 2150C85A295972E2006CD7D2 /* PBXContainerItemProxy */;
		};
/* End PBXTargetDependency section */

/* Begin XCBuildConfiguration section */
		2150C861295972E2006CD7D2 /* Debug */ = {
			isa = XCBuildConfiguration;
			buildSettings = {
				ALWAYS_SEARCH_USER_PATHS = NO;
				CLANG_ANALYZER_NONNULL = YES;
				CLANG_ANALYZER_NUMBER_OBJECT_CONVERSION = YES_AGGRESSIVE;
				CLANG_CXX_LANGUAGE_STANDARD = "gnu++20";
				CLANG_ENABLE_MODULES = YES;
				CLANG_ENABLE_OBJC_ARC = YES;
				CLANG_ENABLE_OBJC_WEAK = YES;
				CLANG_WARN_BLOCK_CAPTURE_AUTORELEASING = YES;
				CLANG_WARN_BOOL_CONVERSION = YES;
				CLANG_WARN_COMMA = YES;
				CLANG_WARN_CONSTANT_CONVERSION = YES;
				CLANG_WARN_DEPRECATED_OBJC_IMPLEMENTATIONS = YES;
				CLANG_WARN_DIRECT_OBJC_ISA_USAGE = YES_ERROR;
				CLANG_WARN_DOCUMENTATION_COMMENTS = YES;
				CLANG_WARN_EMPTY_BODY = YES;
				CLANG_WARN_ENUM_CONVERSION = YES;
				CLANG_WARN_INFINITE_RECURSION = YES;
				CLANG_WARN_INT_CONVERSION = YES;
				CLANG_WARN_NON_LITERAL_NULL_CONVERSION = YES;
				CLANG_WARN_OBJC_IMPLICIT_RETAIN_SELF = YES;
				CLANG_WARN_OBJC_LITERAL_CONVERSION = YES;
				CLANG_WARN_OBJC_ROOT_CLASS = YES_ERROR;
				CLANG_WARN_QUOTED_INCLUDE_IN_FRAMEWORK_HEADER = YES;
				CLANG_WARN_RANGE_LOOP_ANALYSIS = YES;
				CLANG_WARN_STRICT_PROTOTYPES = YES;
				CLANG_WARN_SUSPICIOUS_MOVE = YES;
				CLANG_WARN_UNGUARDED_AVAILABILITY = YES_AGGRESSIVE;
				CLANG_WARN_UNREACHABLE_CODE = YES;
				CLANG_WARN__DUPLICATE_METHOD_MATCH = YES;
				COPY_PHASE_STRIP = NO;
				DEBUG_INFORMATION_FORMAT = dwarf;
				ENABLE_STRICT_OBJC_MSGSEND = YES;
				ENABLE_TESTABILITY = YES;
				GCC_C_LANGUAGE_STANDARD = gnu11;
				GCC_DYNAMIC_NO_PIC = NO;
				GCC_NO_COMMON_BLOCKS = YES;
				GCC_OPTIMIZATION_LEVEL = 0;
				GCC_PREPROCESSOR_DEFINITIONS = (
					"DEBUG=1",
					"$(inherited)",
				);
				GCC_WARN_64_TO_32_BIT_CONVERSION = YES;
				GCC_WARN_ABOUT_RETURN_TYPE = YES_ERROR;
				GCC_WARN_UNDECLARED_SELECTOR = YES;
				GCC_WARN_UNINITIALIZED_AUTOS = YES_AGGRESSIVE;
				GCC_WARN_UNUSED_FUNCTION = YES;
				GCC_WARN_UNUSED_VARIABLE = YES;
				IPHONEOS_DEPLOYMENT_TARGET = 16.2;
				MTL_ENABLE_DEBUG_INFO = INCLUDE_SOURCE;
				MTL_FAST_MATH = YES;
				ONLY_ACTIVE_ARCH = YES;
				SDKROOT = iphoneos;
				SWIFT_ACTIVE_COMPILATION_CONDITIONS = DEBUG;
				SWIFT_OPTIMIZATION_LEVEL = "-Onone";
			};
			name = Debug;
		};
		2150C862295972E2006CD7D2 /* Release */ = {
			isa = XCBuildConfiguration;
			buildSettings = {
				ALWAYS_SEARCH_USER_PATHS = NO;
				CLANG_ANALYZER_NONNULL = YES;
				CLANG_ANALYZER_NUMBER_OBJECT_CONVERSION = YES_AGGRESSIVE;
				CLANG_CXX_LANGUAGE_STANDARD = "gnu++20";
				CLANG_ENABLE_MODULES = YES;
				CLANG_ENABLE_OBJC_ARC = YES;
				CLANG_ENABLE_OBJC_WEAK = YES;
				CLANG_WARN_BLOCK_CAPTURE_AUTORELEASING = YES;
				CLANG_WARN_BOOL_CONVERSION = YES;
				CLANG_WARN_COMMA = YES;
				CLANG_WARN_CONSTANT_CONVERSION = YES;
				CLANG_WARN_DEPRECATED_OBJC_IMPLEMENTATIONS = YES;
				CLANG_WARN_DIRECT_OBJC_ISA_USAGE = YES_ERROR;
				CLANG_WARN_DOCUMENTATION_COMMENTS = YES;
				CLANG_WARN_EMPTY_BODY = YES;
				CLANG_WARN_ENUM_CONVERSION = YES;
				CLANG_WARN_INFINITE_RECURSION = YES;
				CLANG_WARN_INT_CONVERSION = YES;
				CLANG_WARN_NON_LITERAL_NULL_CONVERSION = YES;
				CLANG_WARN_OBJC_IMPLICIT_RETAIN_SELF = YES;
				CLANG_WARN_OBJC_LITERAL_CONVERSION = YES;
				CLANG_WARN_OBJC_ROOT_CLASS = YES_ERROR;
				CLANG_WARN_QUOTED_INCLUDE_IN_FRAMEWORK_HEADER = YES;
				CLANG_WARN_RANGE_LOOP_ANALYSIS = YES;
				CLANG_WARN_STRICT_PROTOTYPES = YES;
				CLANG_WARN_SUSPICIOUS_MOVE = YES;
				CLANG_WARN_UNGUARDED_AVAILABILITY = YES_AGGRESSIVE;
				CLANG_WARN_UNREACHABLE_CODE = YES;
				CLANG_WARN__DUPLICATE_METHOD_MATCH = YES;
				COPY_PHASE_STRIP = NO;
				DEBUG_INFORMATION_FORMAT = "dwarf-with-dsym";
				ENABLE_NS_ASSERTIONS = NO;
				ENABLE_STRICT_OBJC_MSGSEND = YES;
				GCC_C_LANGUAGE_STANDARD = gnu11;
				GCC_NO_COMMON_BLOCKS = YES;
				GCC_WARN_64_TO_32_BIT_CONVERSION = YES;
				GCC_WARN_ABOUT_RETURN_TYPE = YES_ERROR;
				GCC_WARN_UNDECLARED_SELECTOR = YES;
				GCC_WARN_UNINITIALIZED_AUTOS = YES_AGGRESSIVE;
				GCC_WARN_UNUSED_FUNCTION = YES;
				GCC_WARN_UNUSED_VARIABLE = YES;
				IPHONEOS_DEPLOYMENT_TARGET = 16.2;
				MTL_ENABLE_DEBUG_INFO = NO;
				MTL_FAST_MATH = YES;
				SDKROOT = iphoneos;
				SWIFT_COMPILATION_MODE = wholemodule;
				SWIFT_OPTIMIZATION_LEVEL = "-O";
				VALIDATE_PRODUCT = YES;
			};
			name = Release;
		};
		2150C864295972E2006CD7D2 /* Debug */ = {
			isa = XCBuildConfiguration;
			buildSettings = {
				ASSETCATALOG_COMPILER_APPICON_NAME = AppIcon;
				ASSETCATALOG_COMPILER_GLOBAL_ACCENT_COLOR_NAME = AccentColor;
				CODE_SIGN_STYLE = Automatic;
				CURRENT_PROJECT_VERSION = 1;
				DEVELOPMENT_ASSET_PATHS = "\"IssueTracker/Preview Content\"";
				DEVELOPMENT_TEAM = SVNZBC4323;
				ENABLE_PREVIEWS = YES;
				GENERATE_INFOPLIST_FILE = YES;
				INFOPLIST_FILE = IssueTracker/Info.plist;
				INFOPLIST_KEY_LSApplicationCategoryType = "";
				INFOPLIST_KEY_UIApplicationSceneManifest_Generation = YES;
				INFOPLIST_KEY_UIApplicationSupportsIndirectInputEvents = YES;
				INFOPLIST_KEY_UILaunchScreen_Generation = YES;
				INFOPLIST_KEY_UISupportedInterfaceOrientations_iPad = "UIInterfaceOrientationPortrait UIInterfaceOrientationPortraitUpsideDown UIInterfaceOrientationLandscapeLeft UIInterfaceOrientationLandscapeRight";
				INFOPLIST_KEY_UISupportedInterfaceOrientations_iPhone = "UIInterfaceOrientationPortrait UIInterfaceOrientationLandscapeLeft UIInterfaceOrientationLandscapeRight";
				LD_RUNPATH_SEARCH_PATHS = (
					"$(inherited)",
					"@executable_path/Frameworks",
				);
				MARKETING_VERSION = 1.0;
				PRODUCT_BUNDLE_IDENTIFIER = com.gmail.tusatino.IssueTracker;
				PRODUCT_NAME = "$(TARGET_NAME)";
				SWIFT_EMIT_LOC_STRINGS = YES;
				SWIFT_VERSION = 5.0;
				TARGETED_DEVICE_FAMILY = "1,2";
			};
			name = Debug;
		};
		2150C865295972E2006CD7D2 /* Release */ = {
			isa = XCBuildConfiguration;
			buildSettings = {
				ASSETCATALOG_COMPILER_APPICON_NAME = AppIcon;
				ASSETCATALOG_COMPILER_GLOBAL_ACCENT_COLOR_NAME = AccentColor;
				CODE_SIGN_STYLE = Automatic;
				CURRENT_PROJECT_VERSION = 1;
				DEVELOPMENT_ASSET_PATHS = "\"IssueTracker/Preview Content\"";
				DEVELOPMENT_TEAM = SVNZBC4323;
				ENABLE_PREVIEWS = YES;
				GENERATE_INFOPLIST_FILE = YES;
				INFOPLIST_FILE = IssueTracker/Info.plist;
				INFOPLIST_KEY_LSApplicationCategoryType = "";
				INFOPLIST_KEY_UIApplicationSceneManifest_Generation = YES;
				INFOPLIST_KEY_UIApplicationSupportsIndirectInputEvents = YES;
				INFOPLIST_KEY_UILaunchScreen_Generation = YES;
				INFOPLIST_KEY_UISupportedInterfaceOrientations_iPad = "UIInterfaceOrientationPortrait UIInterfaceOrientationPortraitUpsideDown UIInterfaceOrientationLandscapeLeft UIInterfaceOrientationLandscapeRight";
				INFOPLIST_KEY_UISupportedInterfaceOrientations_iPhone = "UIInterfaceOrientationPortrait UIInterfaceOrientationLandscapeLeft UIInterfaceOrientationLandscapeRight";
				LD_RUNPATH_SEARCH_PATHS = (
					"$(inherited)",
					"@executable_path/Frameworks",
				);
				MARKETING_VERSION = 1.0;
				PRODUCT_BUNDLE_IDENTIFIER = com.gmail.tusatino.IssueTracker;
				PRODUCT_NAME = "$(TARGET_NAME)";
				SWIFT_EMIT_LOC_STRINGS = YES;
				SWIFT_VERSION = 5.0;
				TARGETED_DEVICE_FAMILY = "1,2";
			};
			name = Release;
		};
		2150C867295972E2006CD7D2 /* Debug */ = {
			isa = XCBuildConfiguration;
			buildSettings = {
				ALWAYS_EMBED_SWIFT_STANDARD_LIBRARIES = YES;
				BUNDLE_LOADER = "$(TEST_HOST)";
				CODE_SIGN_STYLE = Automatic;
				CURRENT_PROJECT_VERSION = 1;
				DEVELOPMENT_TEAM = SVNZBC4323;
				GENERATE_INFOPLIST_FILE = YES;
				IPHONEOS_DEPLOYMENT_TARGET = 16.2;
				MARKETING_VERSION = 1.0;
				PRODUCT_BUNDLE_IDENTIFIER = com.gmail.tusatino.IssueTrackerTests;
				PRODUCT_NAME = "$(TARGET_NAME)";
				SWIFT_EMIT_LOC_STRINGS = NO;
				SWIFT_VERSION = 5.0;
				TARGETED_DEVICE_FAMILY = "1,2";
				TEST_HOST = "$(BUILT_PRODUCTS_DIR)/IssueTracker.app/$(BUNDLE_EXECUTABLE_FOLDER_PATH)/IssueTracker";
			};
			name = Debug;
		};
		2150C868295972E2006CD7D2 /* Release */ = {
			isa = XCBuildConfiguration;
			buildSettings = {
				ALWAYS_EMBED_SWIFT_STANDARD_LIBRARIES = YES;
				BUNDLE_LOADER = "$(TEST_HOST)";
				CODE_SIGN_STYLE = Automatic;
				CURRENT_PROJECT_VERSION = 1;
				DEVELOPMENT_TEAM = SVNZBC4323;
				GENERATE_INFOPLIST_FILE = YES;
				IPHONEOS_DEPLOYMENT_TARGET = 16.2;
				MARKETING_VERSION = 1.0;
				PRODUCT_BUNDLE_IDENTIFIER = com.gmail.tusatino.IssueTrackerTests;
				PRODUCT_NAME = "$(TARGET_NAME)";
				SWIFT_EMIT_LOC_STRINGS = NO;
				SWIFT_VERSION = 5.0;
				TARGETED_DEVICE_FAMILY = "1,2";
				TEST_HOST = "$(BUILT_PRODUCTS_DIR)/IssueTracker.app/$(BUNDLE_EXECUTABLE_FOLDER_PATH)/IssueTracker";
			};
			name = Release;
		};
		2150C86A295972E2006CD7D2 /* Debug */ = {
			isa = XCBuildConfiguration;
			buildSettings = {
				ALWAYS_EMBED_SWIFT_STANDARD_LIBRARIES = YES;
				CODE_SIGN_STYLE = Automatic;
				CURRENT_PROJECT_VERSION = 1;
				DEVELOPMENT_TEAM = SVNZBC4323;
				GENERATE_INFOPLIST_FILE = YES;
				MARKETING_VERSION = 1.0;
				PRODUCT_BUNDLE_IDENTIFIER = com.gmail.tusatino.IssueTrackerUITests;
				PRODUCT_NAME = "$(TARGET_NAME)";
				SWIFT_EMIT_LOC_STRINGS = NO;
				SWIFT_VERSION = 5.0;
				TARGETED_DEVICE_FAMILY = "1,2";
				TEST_TARGET_NAME = IssueTracker;
			};
			name = Debug;
		};
		2150C86B295972E2006CD7D2 /* Release */ = {
			isa = XCBuildConfiguration;
			buildSettings = {
				ALWAYS_EMBED_SWIFT_STANDARD_LIBRARIES = YES;
				CODE_SIGN_STYLE = Automatic;
				CURRENT_PROJECT_VERSION = 1;
				DEVELOPMENT_TEAM = SVNZBC4323;
				GENERATE_INFOPLIST_FILE = YES;
				MARKETING_VERSION = 1.0;
				PRODUCT_BUNDLE_IDENTIFIER = com.gmail.tusatino.IssueTrackerUITests;
				PRODUCT_NAME = "$(TARGET_NAME)";
				SWIFT_EMIT_LOC_STRINGS = NO;
				SWIFT_VERSION = 5.0;
				TARGETED_DEVICE_FAMILY = "1,2";
				TEST_TARGET_NAME = IssueTracker;
			};
			name = Release;
		};
/* End XCBuildConfiguration section */

/* Begin XCConfigurationList section */
		2150C835295972E0006CD7D2 /* Build configuration list for PBXProject "IssueTracker" */ = {
			isa = XCConfigurationList;
			buildConfigurations = (
				2150C861295972E2006CD7D2 /* Debug */,
				2150C862295972E2006CD7D2 /* Release */,
			);
			defaultConfigurationIsVisible = 0;
			defaultConfigurationName = Release;
		};
		2150C863295972E2006CD7D2 /* Build configuration list for PBXNativeTarget "IssueTracker" */ = {
			isa = XCConfigurationList;
			buildConfigurations = (
				2150C864295972E2006CD7D2 /* Debug */,
				2150C865295972E2006CD7D2 /* Release */,
			);
			defaultConfigurationIsVisible = 0;
			defaultConfigurationName = Release;
		};
		2150C866295972E2006CD7D2 /* Build configuration list for PBXNativeTarget "IssueTrackerTests" */ = {
			isa = XCConfigurationList;
			buildConfigurations = (
				2150C867295972E2006CD7D2 /* Debug */,
				2150C868295972E2006CD7D2 /* Release */,
			);
			defaultConfigurationIsVisible = 0;
			defaultConfigurationName = Release;
		};
		2150C869295972E2006CD7D2 /* Build configuration list for PBXNativeTarget "IssueTrackerUITests" */ = {
			isa = XCConfigurationList;
			buildConfigurations = (
				2150C86A295972E2006CD7D2 /* Debug */,
				2150C86B295972E2006CD7D2 /* Release */,
			);
			defaultConfigurationIsVisible = 0;
			defaultConfigurationName = Release;
		};
/* End XCConfigurationList section */

/* Begin XCVersionGroup section */
		2150C848295972E2006CD7D2 /* IssueTracker.xcdatamodeld */ = {
			isa = XCVersionGroup;
			children = (
				2150C849295972E2006CD7D2 /* IssueTracker.xcdatamodel */,
			);
			currentVersion = 2150C849295972E2006CD7D2 /* IssueTracker.xcdatamodel */;
			path = IssueTracker.xcdatamodeld;
			sourceTree = "<group>";
			versionGroupType = wrapper.xcdatamodel;
		};
/* End XCVersionGroup section */
	};
	rootObject = 2150C832295972E0006CD7D2 /* Project object */;
}
